{
  "version": 4,
  "terraform_version": "1.14.3",
  "serial": 132,
  "lineage": "f6471c92-d95f-5f55-205c-518d11192e62",
  "outputs": {
    "private_instance_ips": {
      "value": {
        "app-terraform": "10.0.100.205",
        "jenkins-terraform": "10.0.100.136"
      },
      "type": [
        "object",
        {
          "app-terraform": "string",
          "jenkins-terraform": "string"
        }
      ]
    }
  },
  "resources": [
    {
      "mode": "managed",
      "type": "aws_lb_target_group_attachment",
      "name": "app_attachment",
      "provider": "provider[\"registry.terraform.io/hashicorp/aws\"]",
      "instances": [
        {
          "index_key": "app-terraform",
          "schema_version": 0,
          "attributes": {
            "availability_zone": null,
            "id": "arn:aws:elasticloadbalancing:ap-south-1:566579489861:targetgroup/tg-app20260127041939134900000001/e22cc9edc4905db7-20260127041956108500000008",
            "port": 80,
            "target_group_arn": "arn:aws:elasticloadbalancing:ap-south-1:566579489861:targetgroup/tg-app20260127041939134900000001/e22cc9edc4905db7",
            "target_id": "i-052a9617e2a770ebb"
          },
          "sensitive_attributes": [],
          "identity_schema_version": 0,
          "private": "bnVsbA==",
          "dependencies": [
            "module.app_alb.aws_lb_target_group.tg",
            "module.app_alb.aws_security_group.alb_sg",
            "module.ec2.aws_instance.instances",
            "module.ec2.aws_key_pair.key_pair",
            "module.ec2.aws_security_group.sg",
            "module.ec2.local_file.private_key",
            "module.ec2.tls_private_key.key",
            "module.vpc.aws_subnet.private_subnet",
            "module.vpc.aws_vpc.terra_vpc",
            "module.vpc.data.aws_availability_zones.available"
          ]
        },
        {
          "index_key": "jenkins-terraform",
          "schema_version": 0,
          "attributes": {
            "availability_zone": null,
            "id": "arn:aws:elasticloadbalancing:ap-south-1:566579489861:targetgroup/tg-jen20260127041939138700000002/982de015c509059a-20260127070335452800000002",
            "port": 8080,
            "target_group_arn": "arn:aws:elasticloadbalancing:ap-south-1:566579489861:targetgroup/tg-jen20260127041939138700000002/982de015c509059a",
            "target_id": "i-068cedfef6e7dbaea"
          },
          "sensitive_attributes": [],
          "identity_schema_version": 0,
          "private": "bnVsbA==",
          "dependencies": [
            "module.app_alb.aws_lb_target_group.tg",
            "module.app_alb.aws_security_group.alb_sg",
            "module.ec2.aws_instance.instances",
            "module.ec2.aws_key_pair.key_pair",
            "module.ec2.aws_security_group.sg",
            "module.ec2.local_file.private_key",
            "module.ec2.tls_private_key.key",
            "module.vpc.aws_subnet.private_subnet",
            "module.vpc.aws_vpc.terra_vpc",
            "module.vpc.data.aws_availability_zones.available"
          ]
        }
      ]
    },
    {
      "module": "module.app_alb",
      "mode": "managed",
      "type": "aws_lb",
      "name": "test",
      "provider": "provider[\"registry.terraform.io/hashicorp/aws\"]",
      "instances": [
        {
          "schema_version": 0,
          "attributes": {
            "access_logs": [
              {
                "bucket": "",
                "enabled": false,
                "prefix": ""
              }
            ],
            "arn": "arn:aws:elasticloadbalancing:ap-south-1:566579489861:loadbalancer/app/alb-terraform/a8134e3636208612",
            "arn_suffix": "app/alb-terraform/a8134e3636208612",
            "client_keep_alive": 3600,
            "connection_logs": [
              {
                "bucket": "",
                "enabled": false,
                "prefix": ""
              }
            ],
            "customer_owned_ipv4_pool": "",
            "desync_mitigation_mode": "defensive",
            "dns_name": "alb-terraform-751643599.ap-south-1.elb.amazonaws.com",
            "dns_record_client_routing_policy": null,
            "drop_invalid_header_fields": false,
            "enable_cross_zone_load_balancing": true,
            "enable_deletion_protection": false,
            "enable_http2": true,
            "enable_tls_version_and_cipher_suite_headers": false,
            "enable_waf_fail_open": false,
            "enable_xff_client_port": false,
            "enable_zonal_shift": false,
            "enforce_security_group_inbound_rules_on_private_link_traffic": "",
            "id": "arn:aws:elasticloadbalancing:ap-south-1:566579489861:loadbalancer/app/alb-terraform/a8134e3636208612",
            "idle_timeout": 60,
            "internal": false,
            "ip_address_type": "ipv4",
            "ipam_pools": [],
            "load_balancer_type": "application",
            "minimum_load_balancer_capacity": [],
            "name": "alb-terraform",
            "name_prefix": "",
            "preserve_host_header": false,
            "security_groups": [
              "sg-04c26c55ba9f072e4"
            ],
            "subnet_mapping": [
              {
                "allocation_id": "",
                "ipv6_address": "",
                "outpost_id": "",
                "private_ipv4_address": "",
                "subnet_id": "subnet-0aa896267977881d5"
              },
              {
                "allocation_id": "",
                "ipv6_address": "",
                "outpost_id": "",
                "private_ipv4_address": "",
                "subnet_id": "subnet-0bc8d006a55b27c1f"
              }
            ],
            "subnets": [
              "subnet-0aa896267977881d5",
              "subnet-0bc8d006a55b27c1f"
            ],
            "tags": {
              "Environment": "demo-testing",
              "Name": "alb-terrafrom"
            },
            "tags_all": {
              "Environment": "demo-testing",
              "Name": "alb-terrafrom"
            },
            "timeouts": null,
            "vpc_id": "vpc-0a2f7c54e49b3ba15",
            "xff_header_processing_mode": "append",
            "zone_id": "ZP97RAFLXTNZK"
          },
          "sensitive_attributes": [],
          "identity_schema_version": 0,
          "private": "eyJlMmJmYjczMC1lY2FhLTExZTYtOGY4OC0zNDM2M2JjN2M0YzAiOnsiY3JlYXRlIjo2MDAwMDAwMDAwMDAsImRlbGV0ZSI6NjAwMDAwMDAwMDAwLCJ1cGRhdGUiOjYwMDAwMDAwMDAwMH19",
          "dependencies": [
            "module.app_alb.aws_security_group.alb_sg",
            "module.vpc.aws_subnet.public_subnet",
            "module.vpc.aws_vpc.terra_vpc",
            "module.vpc.data.aws_availability_zones.available"
          ]
        }
      ]
    },
    {
      "module": "module.app_alb",
      "mode": "managed",
      "type": "aws_lb_listener",
      "name": "test_lb_listener",
      "provider": "provider[\"registry.terraform.io/hashicorp/aws\"]",
      "instances": [
        {
          "schema_version": 0,
          "attributes": {
            "alpn_policy": null,
            "arn": "arn:aws:elasticloadbalancing:ap-south-1:566579489861:listener/app/alb-terraform/a8134e3636208612/3424f718e0054cf5",
            "certificate_arn": null,
            "default_action": [
              {
                "authenticate_cognito": [],
                "authenticate_oidc": [],
                "fixed_response": [],
                "forward": [],
                "order": 1,
                "redirect": [],
                "target_group_arn": "arn:aws:elasticloadbalancing:ap-south-1:566579489861:targetgroup/tg-app20260127041939134900000001/e22cc9edc4905db7",
                "type": "forward"
              }
            ],
            "id": "arn:aws:elasticloadbalancing:ap-south-1:566579489861:listener/app/alb-terraform/a8134e3636208612/3424f718e0054cf5",
            "load_balancer_arn": "arn:aws:elasticloadbalancing:ap-south-1:566579489861:loadbalancer/app/alb-terraform/a8134e3636208612",
            "mutual_authentication": [],
            "port": 80,
            "protocol": "HTTP",
            "routing_http_request_x_amzn_mtls_clientcert_header_name": null,
            "routing_http_request_x_amzn_mtls_clientcert_issuer_header_name": null,
            "routing_http_request_x_amzn_mtls_clientcert_leaf_header_name": null,
            "routing_http_request_x_amzn_mtls_clientcert_serial_number_header_name": null,
            "routing_http_request_x_amzn_mtls_clientcert_subject_header_name": null,
            "routing_http_request_x_amzn_mtls_clientcert_validity_header_name": null,
            "routing_http_request_x_amzn_tls_cipher_suite_header_name": null,
            "routing_http_request_x_amzn_tls_version_header_name": null,
            "routing_http_response_access_control_allow_credentials_header_value": "",
            "routing_http_response_access_control_allow_headers_header_value": "",
            "routing_http_response_access_control_allow_methods_header_value": "",
            "routing_http_response_access_control_allow_origin_header_value": "",
            "routing_http_response_access_control_expose_headers_header_value": "",
            "routing_http_response_access_control_max_age_header_value": "",
            "routing_http_response_content_security_policy_header_value": "",
            "routing_http_response_server_enabled": true,
            "routing_http_response_strict_transport_security_header_value": "",
            "routing_http_response_x_content_type_options_header_value": "",
            "routing_http_response_x_frame_options_header_value": "",
            "ssl_policy": "",
            "tags": {},
            "tags_all": {},
            "tcp_idle_timeout_seconds": null,
            "timeouts": null
          },
          "sensitive_attributes": [],
          "identity_schema_version": 0,
          "private": "eyJlMmJmYjczMC1lY2FhLTExZTYtOGY4OC0zNDM2M2JjN2M0YzAiOnsiY3JlYXRlIjozMDAwMDAwMDAwMDAsInVwZGF0ZSI6MzAwMDAwMDAwMDAwfX0=",
          "dependencies": [
            "module.app_alb.aws_lb.test",
            "module.app_alb.aws_lb_target_group.tg",
            "module.app_alb.aws_security_group.alb_sg",
            "module.vpc.aws_subnet.public_subnet",
            "module.vpc.aws_vpc.terra_vpc",
            "module.vpc.data.aws_availability_zones.available"
          ]
        }
      ]
    },
    {
      "module": "module.app_alb",
      "mode": "managed",
      "type": "aws_lb_listener_rule",
      "name": "jenkins_rule",
      "provider": "provider[\"registry.terraform.io/hashicorp/aws\"]",
      "instances": [
        {
          "schema_version": 0,
          "attributes": {
            "action": [
              {
                "authenticate_cognito": [],
                "authenticate_oidc": [],
                "fixed_response": [],
                "forward": [],
                "order": 1,
                "redirect": [],
                "target_group_arn": "arn:aws:elasticloadbalancing:ap-south-1:566579489861:targetgroup/tg-jen20260127041939138700000002/982de015c509059a",
                "type": "forward"
              }
            ],
            "arn": "arn:aws:elasticloadbalancing:ap-south-1:566579489861:listener-rule/app/alb-terraform/a8134e3636208612/3424f718e0054cf5/18978a9829037966",
            "condition": [
              {
                "host_header": [],
                "http_header": [],
                "http_request_method": [],
                "path_pattern": [
                  {
                    "values": [
                      "/jenkins",
                      "/jenkins/*"
                    ]
                  }
                ],
                "query_string": [],
                "source_ip": []
              }
            ],
            "id": "arn:aws:elasticloadbalancing:ap-south-1:566579489861:listener-rule/app/alb-terraform/a8134e3636208612/3424f718e0054cf5/18978a9829037966",
            "listener_arn": "arn:aws:elasticloadbalancing:ap-south-1:566579489861:listener/app/alb-terraform/a8134e3636208612/3424f718e0054cf5",
            "priority": 100,
            "tags": {},
            "tags_all": {}
          },
          "sensitive_attributes": [],
          "identity_schema_version": 0,
          "private": "bnVsbA==",
          "dependencies": [
            "module.app_alb.aws_lb.test",
            "module.app_alb.aws_lb_listener.test_lb_listener",
            "module.app_alb.aws_lb_target_group.tg",
            "module.app_alb.aws_security_group.alb_sg",
            "module.vpc.aws_subnet.public_subnet",
            "module.vpc.aws_vpc.terra_vpc",
            "module.vpc.data.aws_availability_zones.available"
          ]
        }
      ]
    },
    {
      "module": "module.app_alb",
      "mode": "managed",
      "type": "aws_lb_target_group",
      "name": "tg",
      "provider": "provider[\"registry.terraform.io/hashicorp/aws\"]",
      "instances": [
        {
          "index_key": "app-terraform",
          "schema_version": 0,
          "attributes": {
            "arn": "arn:aws:elasticloadbalancing:ap-south-1:566579489861:targetgroup/tg-app20260127041939134900000001/e22cc9edc4905db7",
            "arn_suffix": "targetgroup/tg-app20260127041939134900000001/e22cc9edc4905db7",
            "connection_termination": null,
            "deregistration_delay": "300",
            "health_check": [
              {
                "enabled": true,
                "healthy_threshold": 2,
                "interval": 30,
                "matcher": "200,403",
                "path": "/",
                "port": "traffic-port",
                "protocol": "HTTP",
                "timeout": 5,
                "unhealthy_threshold": 2
              }
            ],
            "id": "arn:aws:elasticloadbalancing:ap-south-1:566579489861:targetgroup/tg-app20260127041939134900000001/e22cc9edc4905db7",
            "ip_address_type": "ipv4",
            "lambda_multi_value_headers_enabled": false,
            "load_balancer_arns": [
              "arn:aws:elasticloadbalancing:ap-south-1:566579489861:loadbalancer/app/alb-terraform/a8134e3636208612"
            ],
            "load_balancing_algorithm_type": "round_robin",
            "load_balancing_anomaly_mitigation": "off",
            "load_balancing_cross_zone_enabled": "use_load_balancer_configuration",
            "name": "tg-app20260127041939134900000001",
            "name_prefix": "tg-app",
            "port": 80,
            "preserve_client_ip": null,
            "protocol": "HTTP",
            "protocol_version": "HTTP1",
            "proxy_protocol_v2": false,
            "slow_start": 0,
            "stickiness": [
              {
                "cookie_duration": 86400,
                "cookie_name": "",
                "enabled": false,
                "type": "lb_cookie"
              }
            ],
            "tags": {},
            "tags_all": {},
            "target_failover": [
              {
                "on_deregistration": null,
                "on_unhealthy": null
              }
            ],
            "target_group_health": [
              {
                "dns_failover": [
                  {
                    "minimum_healthy_targets_count": "1",
                    "minimum_healthy_targets_percentage": "off"
                  }
                ],
                "unhealthy_state_routing": [
                  {
                    "minimum_healthy_targets_count": 1,
                    "minimum_healthy_targets_percentage": "off"
                  }
                ]
              }
            ],
            "target_health_state": [
              {
                "enable_unhealthy_connection_termination": null,
                "unhealthy_draining_interval": null
              }
            ],
            "target_type": "instance",
            "vpc_id": "vpc-0a2f7c54e49b3ba15"
          },
          "sensitive_attributes": [],
          "identity_schema_version": 0,
          "private": "bnVsbA==",
          "dependencies": [
            "module.vpc.aws_vpc.terra_vpc"
          ]
        },
        {
          "index_key": "jenkins-terraform",
          "schema_version": 0,
          "attributes": {
            "arn": "arn:aws:elasticloadbalancing:ap-south-1:566579489861:targetgroup/tg-jen20260127041939138700000002/982de015c509059a",
            "arn_suffix": "targetgroup/tg-jen20260127041939138700000002/982de015c509059a",
            "connection_termination": null,
            "deregistration_delay": "300",
            "health_check": [
              {
                "enabled": true,
                "healthy_threshold": 2,
                "interval": 30,
                "matcher": "200,403",
                "path": "/jenkins/login",
                "port": "traffic-port",
                "protocol": "HTTP",
                "timeout": 5,
                "unhealthy_threshold": 2
              }
            ],
            "id": "arn:aws:elasticloadbalancing:ap-south-1:566579489861:targetgroup/tg-jen20260127041939138700000002/982de015c509059a",
            "ip_address_type": "ipv4",
            "lambda_multi_value_headers_enabled": false,
            "load_balancer_arns": [
              "arn:aws:elasticloadbalancing:ap-south-1:566579489861:loadbalancer/app/alb-terraform/a8134e3636208612"
            ],
            "load_balancing_algorithm_type": "round_robin",
            "load_balancing_anomaly_mitigation": "off",
            "load_balancing_cross_zone_enabled": "use_load_balancer_configuration",
            "name": "tg-jen20260127041939138700000002",
            "name_prefix": "tg-jen",
            "port": 8080,
            "preserve_client_ip": null,
            "protocol": "HTTP",
            "protocol_version": "HTTP1",
            "proxy_protocol_v2": false,
            "slow_start": 0,
            "stickiness": [
              {
                "cookie_duration": 86400,
                "cookie_name": "",
                "enabled": false,
                "type": "lb_cookie"
              }
            ],
            "tags": {},
            "tags_all": {},
            "target_failover": [
              {
                "on_deregistration": null,
                "on_unhealthy": null
              }
            ],
            "target_group_health": [
              {
                "dns_failover": [
                  {
                    "minimum_healthy_targets_count": "1",
                    "minimum_healthy_targets_percentage": "off"
                  }
                ],
                "unhealthy_state_routing": [
                  {
                    "minimum_healthy_targets_count": 1,
                    "minimum_healthy_targets_percentage": "off"
                  }
                ]
              }
            ],
            "target_health_state": [
              {
                "enable_unhealthy_connection_termination": null,
                "unhealthy_draining_interval": null
              }
            ],
            "target_type": "instance",
            "vpc_id": "vpc-0a2f7c54e49b3ba15"
          },
          "sensitive_attributes": [],
          "identity_schema_version": 0,
          "private": "bnVsbA==",
          "dependencies": [
            "module.vpc.aws_vpc.terra_vpc"
          ]
        }
      ]
    },
    {
      "module": "module.app_alb",
      "mode": "managed",
      "type": "aws_security_group",
      "name": "alb_sg",
      "provider": "provider[\"registry.terraform.io/hashicorp/aws\"]",
      "instances": [
        {
          "schema_version": 1,
          "attributes": {
            "arn": "arn:aws:ec2:ap-south-1:566579489861:security-group/sg-04c26c55ba9f072e4",
            "description": "Managed by Terraform",
            "egress": [
              {
                "cidr_blocks": [
                  "0.0.0.0/0"
                ],
                "description": "",
                "from_port": 0,
                "ipv6_cidr_blocks": [],
                "prefix_list_ids": [],
                "protocol": "-1",
                "security_groups": [],
                "self": false,
                "to_port": 0
              }
            ],
            "id": "sg-04c26c55ba9f072e4",
            "ingress": [
              {
                "cidr_blocks": [
                  "0.0.0.0/0"
                ],
                "description": "",
                "from_port": 80,
                "ipv6_cidr_blocks": [],
                "prefix_list_ids": [],
                "protocol": "tcp",
                "security_groups": [],
                "self": false,
                "to_port": 80
              }
            ],
            "name": "alb-terraform-alb-sg",
            "name_prefix": "",
            "owner_id": "566579489861",
            "revoke_rules_on_delete": false,
            "tags": {},
            "tags_all": {},
            "timeouts": null,
            "vpc_id": "vpc-0a2f7c54e49b3ba15"
          },
          "sensitive_attributes": [],
          "identity_schema_version": 0,
          "private": "eyJlMmJmYjczMC1lY2FhLTExZTYtOGY4OC0zNDM2M2JjN2M0YzAiOnsiY3JlYXRlIjo2MDAwMDAwMDAwMDAsImRlbGV0ZSI6OTAwMDAwMDAwMDAwfSwic2NoZW1hX3ZlcnNpb24iOiIxIn0=",
          "dependencies": [
            "module.vpc.aws_vpc.terra_vpc"
          ],
          "create_before_destroy": true
        }
      ]
    },
    {
      "module": "module.ec2[\"app-terraform\"]",
      "mode": "managed",
      "type": "aws_instance",
      "name": "instances",
      "provider": "provider[\"registry.terraform.io/hashicorp/aws\"]",
      "instances": [
        {
          "schema_version": 1,
          "attributes": {
            "ami": "ami-02b8269d5e85954ef",
            "arn": "arn:aws:ec2:ap-south-1:566579489861:instance/i-052a9617e2a770ebb",
            "associate_public_ip_address": false,
            "availability_zone": "ap-south-1a",
            "capacity_reservation_specification": [
              {
                "capacity_reservation_preference": "open",
                "capacity_reservation_target": []
              }
            ],
            "cpu_core_count": 1,
            "cpu_options": [
              {
                "amd_sev_snp": "",
                "core_count": 1,
                "threads_per_core": 2
              }
            ],
            "cpu_threads_per_core": 2,
            "credit_specification": [
              {
                "cpu_credits": "unlimited"
              }
            ],
            "disable_api_stop": false,
            "disable_api_termination": false,
            "ebs_block_device": [],
            "ebs_optimized": false,
            "enable_primary_ipv6": null,
            "enclave_options": [
              {
                "enabled": false
              }
            ],
            "ephemeral_block_device": [],
            "get_password_data": false,
            "hibernation": false,
            "host_id": "",
            "host_resource_group_arn": null,
            "iam_instance_profile": "",
            "id": "i-052a9617e2a770ebb",
            "instance_initiated_shutdown_behavior": "stop",
            "instance_lifecycle": "",
            "instance_market_options": [],
            "instance_state": "running",
            "instance_type": "t3.micro",
            "ipv6_address_count": 0,
            "ipv6_addresses": [],
            "key_name": "app-terraform-key",
            "launch_template": [],
            "maintenance_options": [
              {
                "auto_recovery": "default"
              }
            ],
            "metadata_options": [
              {
                "http_endpoint": "enabled",
                "http_protocol_ipv6": "disabled",
                "http_put_response_hop_limit": 2,
                "http_tokens": "required",
                "instance_metadata_tags": "disabled"
              }
            ],
            "monitoring": false,
            "network_interface": [],
            "outpost_arn": "",
            "password_data": "",
            "placement_group": "",
            "placement_partition_number": 0,
            "primary_network_interface_id": "eni-0a2b10f0892315a59",
            "private_dns": "ip-10-0-100-205.ap-south-1.compute.internal",
            "private_dns_name_options": [
              {
                "enable_resource_name_dns_a_record": false,
                "enable_resource_name_dns_aaaa_record": false,
                "hostname_type": "ip-name"
              }
            ],
            "private_ip": "10.0.100.205",
            "public_dns": "",
            "public_ip": "",
            "root_block_device": [
              {
                "delete_on_termination": true,
                "device_name": "/dev/sda1",
                "encrypted": false,
                "iops": 3000,
                "kms_key_id": "",
                "tags": {},
                "tags_all": {},
                "throughput": 125,
                "volume_id": "vol-0ebf250fe2be99f9e",
                "volume_size": 8,
                "volume_type": "gp3"
              }
            ],
            "secondary_private_ips": [],
            "security_groups": [],
            "source_dest_check": true,
            "spot_instance_request_id": "",
            "subnet_id": "subnet-058a9568cbffd97b7",
            "tags": {
              "Name": "app-terraform"
            },
            "tags_all": {
              "Name": "app-terraform"
            },
            "tenancy": "default",
            "timeouts": null,
            "user_data": "1fe7eec8d5872f181d3c8a02857a48ebc17ecb64",
            "user_data_base64": null,
            "user_data_replace_on_change": true,
            "volume_tags": null,
            "vpc_security_group_ids": [
              "sg-042102f90413d6ac2"
            ]
          },
          "sensitive_attributes": [],
          "identity_schema_version": 0,
          "private": "eyJlMmJmYjczMC1lY2FhLTExZTYtOGY4OC0zNDM2M2JjN2M0YzAiOnsiY3JlYXRlIjo2MDAwMDAwMDAwMDAsImRlbGV0ZSI6MTIwMDAwMDAwMDAwMCwicmVhZCI6OTAwMDAwMDAwMDAwLCJ1cGRhdGUiOjYwMDAwMDAwMDAwMH0sInNjaGVtYV92ZXJzaW9uIjoiMSJ9",
          "dependencies": [
            "module.app_alb.aws_security_group.alb_sg",
            "module.ec2.aws_key_pair.key_pair",
            "module.ec2.aws_security_group.sg",
            "module.ec2.tls_private_key.key",
            "module.vpc.aws_subnet.private_subnet",
            "module.vpc.aws_vpc.terra_vpc",
            "module.vpc.data.aws_availability_zones.available"
          ],
          "create_before_destroy": true
        }
      ]
    },
    {
      "module": "module.ec2[\"app-terraform\"]",
      "mode": "managed",
      "type": "aws_key_pair",
      "name": "key_pair",
      "provider": "provider[\"registry.terraform.io/hashicorp/aws\"]",
      "instances": [
        {
          "schema_version": 1,
          "attributes": {
            "arn": "arn:aws:ec2:ap-south-1:566579489861:key-pair/app-terraform-key",
            "fingerprint": "a1:47:fb:c2:3f:79:14:92:98:c6:8d:55:b3:63:ae:fa",
            "id": "app-terraform-key",
            "key_name": "app-terraform-key",
            "key_name_prefix": "",
            "key_pair_id": "key-03919d08350ff7385",
            "key_type": "rsa",
            "public_key": "ssh-rsa AAAAB3NzaC1yc2EAAAADAQABAAACAQDKOl0IQNz0g6hwaGZAbWl/4r7gxA7P4TT+IKFq+uK8gSTxMQGHzSp0pCTUEl8XgItxLrj8us0y/dXX/wHNeZhFb/RgqWW2PxW56Z835MiTZ7AeXBRxnjqFE6xtoReP8JZ7kv1RJXRLwQqTVDx8EN9uId23K13E3LDX81bb+pyA5CS31LeR/PMzt8k5RVq17ZS+/GU426OA9OlLeqA+IIdXKv5bicc9xfidR+OeCcT/vbRN5a3oaKFTCfRY9iYgEkt3h9TPvmPsaGBonWeEDGVUeMyFYQKDiFJsbtXz1YXir8v+jC7Jdf2f68+Ai0czTNI9pz+x5CvLXG+YYNOQ/IBT1XySy0u8ACiyyJWp0JUl6wu398C3lemsjc2tzv3KsAhI7WZy6mbZXELt9KmJI7FAnlZyLc4eFXRHyRWepg7p1cYT+7NxfXXUiAJoPNyHEFVcF9uZ9lqy6vveUyEPHIo3ZsiIwj88mtXaKmUvACkETnYI2j++5THZunlmRMe5p+Mys0+GodrgQRQ0U7U9/M9e2/R0mZF6zF1nPW6+w7yGepkgvvADMHbmQLGQIvQF2gncdnAU5RcaynmDqs/p2Qr8vJG8PSmBFiatLP9jr4r/DRz62pYFvOQ0TJAn6q17B7rXlkXY6OGQ7tOaf26hQsjTSatePKx9iMZArFyuMj4UdQ==",
            "tags": {},
            "tags_all": {}
          },
          "sensitive_attributes": [],
          "identity_schema_version": 0,
          "private": "eyJzY2hlbWFfdmVyc2lvbiI6IjEifQ==",
          "dependencies": [
            "module.ec2.tls_private_key.key"
          ],
          "create_before_destroy": true
        }
      ]
    },
    {
      "module": "module.ec2[\"app-terraform\"]",
      "mode": "managed",
      "type": "aws_security_group",
      "name": "sg",
      "provider": "provider[\"registry.terraform.io/hashicorp/aws\"]",
      "instances": [
        {
          "schema_version": 1,
          "attributes": {
            "arn": "arn:aws:ec2:ap-south-1:566579489861:security-group/sg-042102f90413d6ac2",
            "description": "Managed by Terraform",
            "egress": [
              {
                "cidr_blocks": [
                  "0.0.0.0/0"
                ],
                "description": "",
                "from_port": 0,
                "ipv6_cidr_blocks": [],
                "prefix_list_ids": [],
                "protocol": "-1",
                "security_groups": [],
                "self": false,
                "to_port": 0
              }
            ],
            "id": "sg-042102f90413d6ac2",
            "ingress": [
              {
                "cidr_blocks": [
                  "0.0.0.0/0"
                ],
                "description": "",
                "from_port": 22,
                "ipv6_cidr_blocks": [],
                "prefix_list_ids": [],
                "protocol": "tcp",
                "security_groups": [],
                "self": false,
                "to_port": 22
              },
              {
                "cidr_blocks": [
                  "0.0.0.0/0"
                ],
                "description": "",
                "from_port": 443,
                "ipv6_cidr_blocks": [],
                "prefix_list_ids": [],
                "protocol": "tcp",
                "security_groups": [],
                "self": false,
                "to_port": 443
              },
              {
                "cidr_blocks": [],
                "description": "",
                "from_port": 80,
                "ipv6_cidr_blocks": [],
                "prefix_list_ids": [],
                "protocol": "tcp",
                "security_groups": [
                  "sg-04c26c55ba9f072e4"
                ],
                "self": false,
                "to_port": 80
              }
            ],
            "name": "app-terraform-sg",
            "name_prefix": "",
            "owner_id": "566579489861",
            "revoke_rules_on_delete": false,
            "tags": {},
            "tags_all": {},
            "timeouts": null,
            "vpc_id": "vpc-0a2f7c54e49b3ba15"
          },
          "sensitive_attributes": [],
          "identity_schema_version": 0,
          "private": "eyJlMmJmYjczMC1lY2FhLTExZTYtOGY4OC0zNDM2M2JjN2M0YzAiOnsiY3JlYXRlIjo2MDAwMDAwMDAwMDAsImRlbGV0ZSI6OTAwMDAwMDAwMDAwfSwic2NoZW1hX3ZlcnNpb24iOiIxIn0=",
          "dependencies": [
            "module.app_alb.aws_security_group.alb_sg",
            "module.vpc.aws_vpc.terra_vpc"
          ],
          "create_before_destroy": true
        }
      ]
    },
    {
      "module": "module.ec2[\"app-terraform\"]",
      "mode": "managed",
      "type": "local_file",
      "name": "private_key",
      "provider": "provider[\"registry.terraform.io/hashicorp/local\"]",
      "instances": [
        {
          "schema_version": 0,
          "attributes": {
            "content": "-----BEGIN RSA PRIVATE KEY-----\nMIIJKgIBAAKCAgEAyjpdCEDc9IOocGhmQG1pf+K+4MQOz+E0/iChavrivIEk8TEB\nh80qdKQk1BJfF4CLcS64/LrNMv3V1/8BzXmYRW/0YKlltj8VuemfN+TIk2ewHlwU\ncZ46hROsbaEXj/CWe5L9USV0S8EKk1Q8fBDfbiHdtytdxNyw1/NW2/qcgOQkt9S3\nkfzzM7fJOUVate2UvvxlONujgPTpS3qgPiCHVyr+W4nHPcX4nUfjngnE/720TeWt\n6GihUwn0WPYmIBJLd4fUz75j7GhgaJ1nhAxlVHjMhWECg4hSbG7V89WF4q/L/owu\nyXX9n+vPgItHM0zSPac/seQry1xvmGDTkPyAU9V8kstLvAAossiVqdCVJesLt/fA\nt5XprI3Nrc79yrAISO1mcupm2VxC7fSpiSOxQJ5Wci3OHhV0R8kVnqYO6dXGE/uz\ncX111IgCaDzchxBVXBfbmfZasur73lMhDxyKN2bIiMI/PJrV2iplLwApBE52CNo/\nvuUx2bp5ZkTHuafjMrNPhqHa4EEUNFO1PfzPXtv0dJmResxdZz1uvsO8hnqZIL7w\nAzB25kCxkCL0BdoJ3HZwFOUXGsp5g6rP6dkK/LyRvD0pgRYmrSz/Y6+K/w0c+tqW\nBbzkNEyQJ+qtewe615ZF2OjhkO7Tmn9uoULI00mrXjysfYjGQKxcrjI+FHUCAwEA\nAQKCAgADmZkLteaOY8RH2/6V/wdLGNo/s2h1bZOSl+THvBef4MdWPoJsdyEzr7MI\nI3DrQNqP9T5NzCAtsYnGV+p290ctVUTgbk46jvzwBlH982YEBGsvidbDVFxuVLSp\nGZ5gbZlVhymt8XYUiHyLtYrYxTl1Ax1TTsOokX/Zwvc04KKQmNRz1qbomRGAm4ZK\n2AqOr+AKAQGRoDdU6wc21MQC1x68VS5EquXlGkpxYlTm/Kgzyp4UakD3oNqJA+Wu\n/71wrLgIigkmeZkwcts51t4qN55GLAWtX4C6nrP47NraMF7lyNi00Ky0jBPWbk2P\nWEC4OmczucUkgY9WBhs7zIgiTfHALtLHcxYPqeb03HdmrsngVSwsTabXKH+DMaBl\n6MMQr/2YQOoIagJDdSNAu+E0SdQ/WJws0XqpBGYlL0Ruw5yXXu/60EUCCylW4XmW\ntDSwoFfx+c8JVvn51fmp4HIZDZZeMpJPpGSGraG/C11MFofAvF8HTi6wBG7P6xlv\n8fKEvYlDagKcpnujd2R6ERwv5NpdIsvb7QTsrqgNuWmReZni4+h0eHeYCZT6IiKB\n2/S7wP/cVrLr2nmaZOnBfLfUaTOres/uQ9lYImjHRcRIt8IPepZ0Przyz5f5UJZm\nasqNLXGd5Z1LJcteRR0PdmGMhuA2Lz99SJs6k+rCSxkKscgsMQKCAQEA/XuJTFSD\ne1Du8jFReuSZ7Tcq9wcBnrsb9Oxa/IeJJX0LbkcN/skUoBkLtUiflSVhKCq0wEFc\nWq1vLMDYr0nZ8/vGNaC+fqK+zBVwKoB7bXB/pkGYnNpTAkwmX0IMmFYUZlIB+l1o\n8H21E+vavhLL6rbjdHP/8hT/rVkfzXViPBA1iQA7u+PQqA0F6qavHx9FHNaRLv0E\ngOSL+qaixOP72+RjWoKQqIYVuf6ZqwR6Gz8mvHeFgOYpZzxFAviSixsvo3i2nBlX\nYOvvBI0HLhafXMeCqiYEHULBmdOo3KBLWkBBHtImZps2Q6fIT+H84yB65gQxoD4b\nElpGsVFzG1aZqwKCAQEAzDyD93dZS4JQGxa1Lz13bXtJBLd8LnodqMTA3fNzfErS\nKE/2Ubin5t6TJqt7LUuKuGWl86l3VI9+xhtGr4YXAdKyXRQ9WDG49N/DmakaCcDz\ndvA1Rzg5TNsNNpU+2u6NSqoeUxv1tx/Soam5O69laxzXA+6qE9hQH42dM8g+P3+w\nq8RSjrclKwid0w7sQrb6erqxx25Y1kg0wjSa3HZsF2OdTLcQjdywicbb455GUXRm\ndoygWMD9aoVGmOxzdR+iIWtKboi0u8IgfRjf3Gt4tS0O5PwZybwqT1MYr6GG3W68\nq2oq9LQN6MITjT4uFOPMEtQdFXF9RiWRIA3DZK8qXwKCAQEAmlQFcrid2I2c/U3z\nmsvlv5xwBzh3zwmCausgNlHauT1ZoUmXhsEsUpENJNFTf73jWk4uAEOLFBY18txy\n0L44+agXtHzqnjU9zwlaYjYZb7cnsLSNUypFkceFMUgIXRNDlkxlseX/RzRx8/AM\nHN9a0cuJzlP1x5DrXcI+b5wBNCp2PbQrqih42GgdaxES2/Lw5C7q893OSR9c7j1Y\nKmHX7LgvmWKW6lPAlJ4jNxEhuscHMYXffWwkVxtFtRpcNl9V8MRFAeMX5QWgX3fx\noCjb2+QIdMlyhdIoBxzr2W+qkQc/3qD6CkyDjEtx1Nj1W99hk/uHr1VArDrUgY7i\ncwmVwwKCAQEAw4az+HiEPmv1cNmegCliaqf60c8vzfcO6gHjexmVWErxQ7K56KbV\n54ryabUF6elGVx7Jb6qwGX5/Kf33ABdpc09Zfw7fY83Geni29CcWTHwzGY0CFLrY\n8KFN1xGu6T40emS/P2WnKbgHmMm6Ek/q0k778kHNBc6zdmHHPEnafkQqyWbcetEP\nflFzdxn0SjKPPmv5wyn7Vrot+DcQgzvEY+f0MfuYl5fOUzjUTue5/kVnytr6r72j\nXxVU7xZ/uoOcXk4vJf8uuAozvE/SEV26ZAlNFx/bOG0yPFsbaRlE2j0n1xt/IGI4\nZrtWqIP87fbf6q6zYVITUtKoS32hsISaFQKCAQEA5L38fF44IFUAbKKJ5SEUseIw\nfiXNKF4krDAuQnKwMadtqD1tIeHPOQDDY4Ss4kaoJAh5Y4C/iSWsrozjaeDqf+Ei\n8RNXC1fdQvkB+y9KyfzHz8fwhva4xVTrBTk0OffV2I7POhTN2dSMeOmWVMBiAIZj\nv5k6EBaS6puu1NH9sdM0EVC5ofD+BFwh+MR2eLPkiNq0/VtS3iWJ+bd1extjmBFM\nVvkIhlJ8jd+qrf8n6G2Z3Ka9DL819A79Tum0IhreyCbrjTSU6wCRKm2DegR6jt87\n2tUzFm95MiDF+Fbf1Nk3VpNAvoVI9ki3AsfAZdvE6tfm7oqLllfiMYzY5T85jQ==\n-----END RSA PRIVATE KEY-----\n",
            "content_base64": null,
            "content_base64sha256": "NDj8b5SEfWyj4Asa3bVLa8MqRMKdR+2mvw7LzCtiO7Y=",
            "content_base64sha512": "dK8fTg2rJuujITt4D1ARhAjw3+Roo+uPstYavBjDfXAPBqkmLSPdkBtavwZzfCgLqF3VayovvQI6IcWv6B2A4Q==",
            "content_md5": "6f00f48500697bc1d4fcecf5fb850037",
            "content_sha1": "738b9c193355c74b53faa91486699d68e8d8f236",
            "content_sha256": "3438fc6f94847d6ca3e00b1addb54b6bc32a44c29d47eda6bf0ecbcc2b623bb6",
            "content_sha512": "74af1f4e0dab26eba3213b780f50118408f0dfe468a3eb8fb2d61abc18c37d700f06a9262d23dd901b5abf06737c280ba85dd56b2a2fbd023a21c5afe81d80e1",
            "directory_permission": "0777",
            "file_permission": "0600",
            "filename": "modules/ec2/app-terraform-key.pem",
            "id": "738b9c193355c74b53faa91486699d68e8d8f236",
            "sensitive_content": null,
            "source": null
          },
          "sensitive_attributes": [
            [
              {
                "type": "get_attr",
                "value": "content"
              }
            ],
            [
              {
                "type": "get_attr",
                "value": "sensitive_content"
              }
            ]
          ],
          "identity_schema_version": 0,
          "dependencies": [
            "module.ec2.tls_private_key.key"
          ]
        }
      ]
    },
    {
      "module": "module.ec2[\"app-terraform\"]",
      "mode": "managed",
      "type": "tls_private_key",
      "name": "key",
      "provider": "provider[\"registry.terraform.io/hashicorp/tls\"]",
      "instances": [
        {
          "schema_version": 1,
          "attributes": {
            "algorithm": "RSA",
            "ecdsa_curve": "P224",
            "id": "8f6e9e9068d5691ee9290c44ee762efe55de01cb",
            "private_key_openssh": "-----BEGIN OPENSSH PRIVATE KEY-----\nb3BlbnNzaC1rZXktdjEAAAAABG5vbmUAAAAEbm9uZQAAAAAAAAABAAACFwAAAAdz\nc2gtcnNhAAAAAwEAAQAAAgEAyjpdCEDc9IOocGhmQG1pf+K+4MQOz+E0/iChavri\nvIEk8TEBh80qdKQk1BJfF4CLcS64/LrNMv3V1/8BzXmYRW/0YKlltj8VuemfN+TI\nk2ewHlwUcZ46hROsbaEXj/CWe5L9USV0S8EKk1Q8fBDfbiHdtytdxNyw1/NW2/qc\ngOQkt9S3kfzzM7fJOUVate2UvvxlONujgPTpS3qgPiCHVyr+W4nHPcX4nUfjngnE\n/720TeWt6GihUwn0WPYmIBJLd4fUz75j7GhgaJ1nhAxlVHjMhWECg4hSbG7V89WF\n4q/L/owuyXX9n+vPgItHM0zSPac/seQry1xvmGDTkPyAU9V8kstLvAAossiVqdCV\nJesLt/fAt5XprI3Nrc79yrAISO1mcupm2VxC7fSpiSOxQJ5Wci3OHhV0R8kVnqYO\n6dXGE/uzcX111IgCaDzchxBVXBfbmfZasur73lMhDxyKN2bIiMI/PJrV2iplLwAp\nBE52CNo/vuUx2bp5ZkTHuafjMrNPhqHa4EEUNFO1PfzPXtv0dJmResxdZz1uvsO8\nhnqZIL7wAzB25kCxkCL0BdoJ3HZwFOUXGsp5g6rP6dkK/LyRvD0pgRYmrSz/Y6+K\n/w0c+tqWBbzkNEyQJ+qtewe615ZF2OjhkO7Tmn9uoULI00mrXjysfYjGQKxcrjI+\nFHUAAAc4w6djtMOnY7QAAAAHc3NoLXJzYQAAAgEAyjpdCEDc9IOocGhmQG1pf+K+\n4MQOz+E0/iChavrivIEk8TEBh80qdKQk1BJfF4CLcS64/LrNMv3V1/8BzXmYRW/0\nYKlltj8VuemfN+TIk2ewHlwUcZ46hROsbaEXj/CWe5L9USV0S8EKk1Q8fBDfbiHd\ntytdxNyw1/NW2/qcgOQkt9S3kfzzM7fJOUVate2UvvxlONujgPTpS3qgPiCHVyr+\nW4nHPcX4nUfjngnE/720TeWt6GihUwn0WPYmIBJLd4fUz75j7GhgaJ1nhAxlVHjM\nhWECg4hSbG7V89WF4q/L/owuyXX9n+vPgItHM0zSPac/seQry1xvmGDTkPyAU9V8\nkstLvAAossiVqdCVJesLt/fAt5XprI3Nrc79yrAISO1mcupm2VxC7fSpiSOxQJ5W\nci3OHhV0R8kVnqYO6dXGE/uzcX111IgCaDzchxBVXBfbmfZasur73lMhDxyKN2bI\niMI/PJrV2iplLwApBE52CNo/vuUx2bp5ZkTHuafjMrNPhqHa4EEUNFO1PfzPXtv0\ndJmResxdZz1uvsO8hnqZIL7wAzB25kCxkCL0BdoJ3HZwFOUXGsp5g6rP6dkK/LyR\nvD0pgRYmrSz/Y6+K/w0c+tqWBbzkNEyQJ+qtewe615ZF2OjhkO7Tmn9uoULI00mr\nXjysfYjGQKxcrjI+FHUAAAADAQABAAACAAOZmQu15o5jxEfb/pX/B0sY2j+zaHVt\nk5KX5Me8F5/gx1Y+gmx3ITOvswgjcOtA2o/1Pk3MIC2xicZX6nb3Ry1VROBuTjqO\n/PAGUf3zZgQEay+J1sNUXG5UtKkZnmBtmVWHKa3xdhSIfIu1itjFOXUDHVNOw6iR\nf9nC9zTgopCY1HPWpuiZEYCbhkrYCo6v4AoBAZGgN1TrBzbUxALXHrxVLkSq5eUa\nSnFiVOb8qDPKnhRqQPeg2okD5a7/vXCsuAiKCSZ5mTBy2znW3io3nkYsBa1fgLqe\ns/js2towXuXI2LTQrLSME9ZuTY9YQLg6ZzO5xSSBj1YGGzvMiCJN8cAu0sdzFg+p\n5vTcd2auyeBVLCxNptcof4MxoGXowxCv/ZhA6ghqAkN1I0C74TRJ1D9YnCzReqkE\nZiUvRG7DnJde7/rQRQILKVbheZa0NLCgV/H5zwlW+fnV+angchkNll4ykk+kZIat\nob8LXUwWh8C8XwdOLrAEbs/rGW/x8oS9iUNqApyme6N3ZHoRHC/k2l0iy9vtBOyu\nqA25aZF5meLj6HR4d5gJlPoiIoHb9LvA/9xWsuvaeZpk6cF8t9RpM6t6z+5D2Vgi\naMdFxEi3wg96lnQ+vPLPl/lQlmZqyo0tcZ3lnUsly15FHQ92YYyG4DYvP31ImzqT\n6sJLGQqxyCwxAAABAQDkvfx8XjggVQBsoonlIRSx4jB+Jc0oXiSsMC5CcrAxp22o\nPW0h4c85AMNjhKziRqgkCHljgL+JJayujONp4Op/4SLxE1cLV91C+QH7L0rJ/MfP\nx/CG9rjFVOsFOTQ599XYjs86FM3Z1Ix46ZZUwGIAhmO/mToQFpLqm67U0f2x0zQR\nULmh8P4EXCH4xHZ4s+SI2rT9W1LeJYn5t3V7G2OYEUxW+QiGUnyN36qt/yfobZnc\npr0MvzX0Dv1O6bQiGt7IJuuNNJTrAJEqbYN6BHqO3zva1TMWb3kyIMX4Vt/U2TdW\nk0C+hUj2SLcCx8Bl28Tq1+buiouWV+IxjNjlPzmNAAABAQD9e4lMVIN7UO7yMVF6\n5JntNyr3BwGeuxv07Fr8h4klfQtuRw3+yRSgGQu1SJ+VJWEoKrTAQVxarW8swNiv\nSdnz+8Y1oL5+or7MFXAqgHttcH+mQZic2lMCTCZfQgyYVhRmUgH6XWjwfbUT69q+\nEsvqtuN0c//yFP+tWR/NdWI8EDWJADu749CoDQXqpq8fH0Uc1pEu/QSA5Iv6pqLE\n4/vb5GNagpCohhW5/pmrBHobPya8d4WA5ilnPEUC+JKLGy+jeLacGVdg6+8EjQcu\nFp9cx4KqJgQdQsGZ06jcoEtaQEEe0iZmmzZDp8hP4fzjIHrmBDGgPhsSWkaxUXMb\nVpmrAAABAQDMPIP3d1lLglAbFrUvPXdte0kEt3wueh2oxMDd83N8StIoT/ZRuKfm\n3pMmq3stS4q4ZaXzqXdUj37GG0avhhcB0rJdFD1YMbj038OZqRoJwPN28DVHODlM\n2w02lT7a7o1Kqh5TG/W3H9Khqbk7r2VrHNcD7qoT2FAfjZ0zyD4/f7CrxFKOtyUr\nCJ3TDuxCtvp6urHHbljWSDTCNJrcdmwXY51MtxCN3LCJxtvjnkZRdGZ2jKBYwP1q\nhUaY7HN1H6Iha0puiLS7wiB9GN/ca3i1LQ7k/BnJvCpPUxivoYbdbryrair0tA3o\nwhONPi4U48wS1B0VcX1GJZEgDcNkrypfAAAAAAEC\n-----END OPENSSH PRIVATE KEY-----\n",
            "private_key_pem": "-----BEGIN RSA PRIVATE KEY-----\nMIIJKgIBAAKCAgEAyjpdCEDc9IOocGhmQG1pf+K+4MQOz+E0/iChavrivIEk8TEB\nh80qdKQk1BJfF4CLcS64/LrNMv3V1/8BzXmYRW/0YKlltj8VuemfN+TIk2ewHlwU\ncZ46hROsbaEXj/CWe5L9USV0S8EKk1Q8fBDfbiHdtytdxNyw1/NW2/qcgOQkt9S3\nkfzzM7fJOUVate2UvvxlONujgPTpS3qgPiCHVyr+W4nHPcX4nUfjngnE/720TeWt\n6GihUwn0WPYmIBJLd4fUz75j7GhgaJ1nhAxlVHjMhWECg4hSbG7V89WF4q/L/owu\nyXX9n+vPgItHM0zSPac/seQry1xvmGDTkPyAU9V8kstLvAAossiVqdCVJesLt/fA\nt5XprI3Nrc79yrAISO1mcupm2VxC7fSpiSOxQJ5Wci3OHhV0R8kVnqYO6dXGE/uz\ncX111IgCaDzchxBVXBfbmfZasur73lMhDxyKN2bIiMI/PJrV2iplLwApBE52CNo/\nvuUx2bp5ZkTHuafjMrNPhqHa4EEUNFO1PfzPXtv0dJmResxdZz1uvsO8hnqZIL7w\nAzB25kCxkCL0BdoJ3HZwFOUXGsp5g6rP6dkK/LyRvD0pgRYmrSz/Y6+K/w0c+tqW\nBbzkNEyQJ+qtewe615ZF2OjhkO7Tmn9uoULI00mrXjysfYjGQKxcrjI+FHUCAwEA\nAQKCAgADmZkLteaOY8RH2/6V/wdLGNo/s2h1bZOSl+THvBef4MdWPoJsdyEzr7MI\nI3DrQNqP9T5NzCAtsYnGV+p290ctVUTgbk46jvzwBlH982YEBGsvidbDVFxuVLSp\nGZ5gbZlVhymt8XYUiHyLtYrYxTl1Ax1TTsOokX/Zwvc04KKQmNRz1qbomRGAm4ZK\n2AqOr+AKAQGRoDdU6wc21MQC1x68VS5EquXlGkpxYlTm/Kgzyp4UakD3oNqJA+Wu\n/71wrLgIigkmeZkwcts51t4qN55GLAWtX4C6nrP47NraMF7lyNi00Ky0jBPWbk2P\nWEC4OmczucUkgY9WBhs7zIgiTfHALtLHcxYPqeb03HdmrsngVSwsTabXKH+DMaBl\n6MMQr/2YQOoIagJDdSNAu+E0SdQ/WJws0XqpBGYlL0Ruw5yXXu/60EUCCylW4XmW\ntDSwoFfx+c8JVvn51fmp4HIZDZZeMpJPpGSGraG/C11MFofAvF8HTi6wBG7P6xlv\n8fKEvYlDagKcpnujd2R6ERwv5NpdIsvb7QTsrqgNuWmReZni4+h0eHeYCZT6IiKB\n2/S7wP/cVrLr2nmaZOnBfLfUaTOres/uQ9lYImjHRcRIt8IPepZ0Przyz5f5UJZm\nasqNLXGd5Z1LJcteRR0PdmGMhuA2Lz99SJs6k+rCSxkKscgsMQKCAQEA/XuJTFSD\ne1Du8jFReuSZ7Tcq9wcBnrsb9Oxa/IeJJX0LbkcN/skUoBkLtUiflSVhKCq0wEFc\nWq1vLMDYr0nZ8/vGNaC+fqK+zBVwKoB7bXB/pkGYnNpTAkwmX0IMmFYUZlIB+l1o\n8H21E+vavhLL6rbjdHP/8hT/rVkfzXViPBA1iQA7u+PQqA0F6qavHx9FHNaRLv0E\ngOSL+qaixOP72+RjWoKQqIYVuf6ZqwR6Gz8mvHeFgOYpZzxFAviSixsvo3i2nBlX\nYOvvBI0HLhafXMeCqiYEHULBmdOo3KBLWkBBHtImZps2Q6fIT+H84yB65gQxoD4b\nElpGsVFzG1aZqwKCAQEAzDyD93dZS4JQGxa1Lz13bXtJBLd8LnodqMTA3fNzfErS\nKE/2Ubin5t6TJqt7LUuKuGWl86l3VI9+xhtGr4YXAdKyXRQ9WDG49N/DmakaCcDz\ndvA1Rzg5TNsNNpU+2u6NSqoeUxv1tx/Soam5O69laxzXA+6qE9hQH42dM8g+P3+w\nq8RSjrclKwid0w7sQrb6erqxx25Y1kg0wjSa3HZsF2OdTLcQjdywicbb455GUXRm\ndoygWMD9aoVGmOxzdR+iIWtKboi0u8IgfRjf3Gt4tS0O5PwZybwqT1MYr6GG3W68\nq2oq9LQN6MITjT4uFOPMEtQdFXF9RiWRIA3DZK8qXwKCAQEAmlQFcrid2I2c/U3z\nmsvlv5xwBzh3zwmCausgNlHauT1ZoUmXhsEsUpENJNFTf73jWk4uAEOLFBY18txy\n0L44+agXtHzqnjU9zwlaYjYZb7cnsLSNUypFkceFMUgIXRNDlkxlseX/RzRx8/AM\nHN9a0cuJzlP1x5DrXcI+b5wBNCp2PbQrqih42GgdaxES2/Lw5C7q893OSR9c7j1Y\nKmHX7LgvmWKW6lPAlJ4jNxEhuscHMYXffWwkVxtFtRpcNl9V8MRFAeMX5QWgX3fx\noCjb2+QIdMlyhdIoBxzr2W+qkQc/3qD6CkyDjEtx1Nj1W99hk/uHr1VArDrUgY7i\ncwmVwwKCAQEAw4az+HiEPmv1cNmegCliaqf60c8vzfcO6gHjexmVWErxQ7K56KbV\n54ryabUF6elGVx7Jb6qwGX5/Kf33ABdpc09Zfw7fY83Geni29CcWTHwzGY0CFLrY\n8KFN1xGu6T40emS/P2WnKbgHmMm6Ek/q0k778kHNBc6zdmHHPEnafkQqyWbcetEP\nflFzdxn0SjKPPmv5wyn7Vrot+DcQgzvEY+f0MfuYl5fOUzjUTue5/kVnytr6r72j\nXxVU7xZ/uoOcXk4vJf8uuAozvE/SEV26ZAlNFx/bOG0yPFsbaRlE2j0n1xt/IGI4\nZrtWqIP87fbf6q6zYVITUtKoS32hsISaFQKCAQEA5L38fF44IFUAbKKJ5SEUseIw\nfiXNKF4krDAuQnKwMadtqD1tIeHPOQDDY4Ss4kaoJAh5Y4C/iSWsrozjaeDqf+Ei\n8RNXC1fdQvkB+y9KyfzHz8fwhva4xVTrBTk0OffV2I7POhTN2dSMeOmWVMBiAIZj\nv5k6EBaS6puu1NH9sdM0EVC5ofD+BFwh+MR2eLPkiNq0/VtS3iWJ+bd1extjmBFM\nVvkIhlJ8jd+qrf8n6G2Z3Ka9DL819A79Tum0IhreyCbrjTSU6wCRKm2DegR6jt87\n2tUzFm95MiDF+Fbf1Nk3VpNAvoVI9ki3AsfAZdvE6tfm7oqLllfiMYzY5T85jQ==\n-----END RSA PRIVATE KEY-----\n",
            "private_key_pem_pkcs8": "-----BEGIN PRIVATE KEY-----\nMIIJRAIBADANBgkqhkiG9w0BAQEFAASCCS4wggkqAgEAAoICAQDKOl0IQNz0g6hw\naGZAbWl/4r7gxA7P4TT+IKFq+uK8gSTxMQGHzSp0pCTUEl8XgItxLrj8us0y/dXX\n/wHNeZhFb/RgqWW2PxW56Z835MiTZ7AeXBRxnjqFE6xtoReP8JZ7kv1RJXRLwQqT\nVDx8EN9uId23K13E3LDX81bb+pyA5CS31LeR/PMzt8k5RVq17ZS+/GU426OA9OlL\neqA+IIdXKv5bicc9xfidR+OeCcT/vbRN5a3oaKFTCfRY9iYgEkt3h9TPvmPsaGBo\nnWeEDGVUeMyFYQKDiFJsbtXz1YXir8v+jC7Jdf2f68+Ai0czTNI9pz+x5CvLXG+Y\nYNOQ/IBT1XySy0u8ACiyyJWp0JUl6wu398C3lemsjc2tzv3KsAhI7WZy6mbZXELt\n9KmJI7FAnlZyLc4eFXRHyRWepg7p1cYT+7NxfXXUiAJoPNyHEFVcF9uZ9lqy6vve\nUyEPHIo3ZsiIwj88mtXaKmUvACkETnYI2j++5THZunlmRMe5p+Mys0+GodrgQRQ0\nU7U9/M9e2/R0mZF6zF1nPW6+w7yGepkgvvADMHbmQLGQIvQF2gncdnAU5RcaynmD\nqs/p2Qr8vJG8PSmBFiatLP9jr4r/DRz62pYFvOQ0TJAn6q17B7rXlkXY6OGQ7tOa\nf26hQsjTSatePKx9iMZArFyuMj4UdQIDAQABAoICAAOZmQu15o5jxEfb/pX/B0sY\n2j+zaHVtk5KX5Me8F5/gx1Y+gmx3ITOvswgjcOtA2o/1Pk3MIC2xicZX6nb3Ry1V\nROBuTjqO/PAGUf3zZgQEay+J1sNUXG5UtKkZnmBtmVWHKa3xdhSIfIu1itjFOXUD\nHVNOw6iRf9nC9zTgopCY1HPWpuiZEYCbhkrYCo6v4AoBAZGgN1TrBzbUxALXHrxV\nLkSq5eUaSnFiVOb8qDPKnhRqQPeg2okD5a7/vXCsuAiKCSZ5mTBy2znW3io3nkYs\nBa1fgLqes/js2towXuXI2LTQrLSME9ZuTY9YQLg6ZzO5xSSBj1YGGzvMiCJN8cAu\n0sdzFg+p5vTcd2auyeBVLCxNptcof4MxoGXowxCv/ZhA6ghqAkN1I0C74TRJ1D9Y\nnCzReqkEZiUvRG7DnJde7/rQRQILKVbheZa0NLCgV/H5zwlW+fnV+angchkNll4y\nkk+kZIatob8LXUwWh8C8XwdOLrAEbs/rGW/x8oS9iUNqApyme6N3ZHoRHC/k2l0i\ny9vtBOyuqA25aZF5meLj6HR4d5gJlPoiIoHb9LvA/9xWsuvaeZpk6cF8t9RpM6t6\nz+5D2VgiaMdFxEi3wg96lnQ+vPLPl/lQlmZqyo0tcZ3lnUsly15FHQ92YYyG4DYv\nP31ImzqT6sJLGQqxyCwxAoIBAQD9e4lMVIN7UO7yMVF65JntNyr3BwGeuxv07Fr8\nh4klfQtuRw3+yRSgGQu1SJ+VJWEoKrTAQVxarW8swNivSdnz+8Y1oL5+or7MFXAq\ngHttcH+mQZic2lMCTCZfQgyYVhRmUgH6XWjwfbUT69q+EsvqtuN0c//yFP+tWR/N\ndWI8EDWJADu749CoDQXqpq8fH0Uc1pEu/QSA5Iv6pqLE4/vb5GNagpCohhW5/pmr\nBHobPya8d4WA5ilnPEUC+JKLGy+jeLacGVdg6+8EjQcuFp9cx4KqJgQdQsGZ06jc\noEtaQEEe0iZmmzZDp8hP4fzjIHrmBDGgPhsSWkaxUXMbVpmrAoIBAQDMPIP3d1lL\nglAbFrUvPXdte0kEt3wueh2oxMDd83N8StIoT/ZRuKfm3pMmq3stS4q4ZaXzqXdU\nj37GG0avhhcB0rJdFD1YMbj038OZqRoJwPN28DVHODlM2w02lT7a7o1Kqh5TG/W3\nH9Khqbk7r2VrHNcD7qoT2FAfjZ0zyD4/f7CrxFKOtyUrCJ3TDuxCtvp6urHHbljW\nSDTCNJrcdmwXY51MtxCN3LCJxtvjnkZRdGZ2jKBYwP1qhUaY7HN1H6Iha0puiLS7\nwiB9GN/ca3i1LQ7k/BnJvCpPUxivoYbdbryrair0tA3owhONPi4U48wS1B0VcX1G\nJZEgDcNkrypfAoIBAQCaVAVyuJ3YjZz9TfOay+W/nHAHOHfPCYJq6yA2Udq5PVmh\nSZeGwSxSkQ0k0VN/veNaTi4AQ4sUFjXy3HLQvjj5qBe0fOqeNT3PCVpiNhlvtyew\ntI1TKkWRx4UxSAhdE0OWTGWx5f9HNHHz8Awc31rRy4nOU/XHkOtdwj5vnAE0KnY9\ntCuqKHjYaB1rERLb8vDkLurz3c5JH1zuPVgqYdfsuC+ZYpbqU8CUniM3ESG6xwcx\nhd99bCRXG0W1Glw2X1XwxEUB4xflBaBfd/GgKNvb5Ah0yXKF0igHHOvZb6qRBz/e\noPoKTIOMS3HU2PVb32GT+4evVUCsOtSBjuJzCZXDAoIBAQDDhrP4eIQ+a/Vw2Z6A\nKWJqp/rRzy/N9w7qAeN7GZVYSvFDsrnoptXnivJptQXp6UZXHslvqrAZfn8p/fcA\nF2lzT1l/Dt9jzcZ6eLb0JxZMfDMZjQIUutjwoU3XEa7pPjR6ZL8/ZacpuAeYyboS\nT+rSTvvyQc0FzrN2Ycc8Sdp+RCrJZtx60Q9+UXN3GfRKMo8+a/nDKftWui34NxCD\nO8Rj5/Qx+5iXl85TONRO57n+RWfK2vqvvaNfFVTvFn+6g5xeTi8l/y64CjO8T9IR\nXbpkCU0XH9s4bTI8WxtpGUTaPSfXG38gYjhmu1aog/zt9t/qrrNhUhNS0qhLfaGw\nhJoVAoIBAQDkvfx8XjggVQBsoonlIRSx4jB+Jc0oXiSsMC5CcrAxp22oPW0h4c85\nAMNjhKziRqgkCHljgL+JJayujONp4Op/4SLxE1cLV91C+QH7L0rJ/MfPx/CG9rjF\nVOsFOTQ599XYjs86FM3Z1Ix46ZZUwGIAhmO/mToQFpLqm67U0f2x0zQRULmh8P4E\nXCH4xHZ4s+SI2rT9W1LeJYn5t3V7G2OYEUxW+QiGUnyN36qt/yfobZncpr0MvzX0\nDv1O6bQiGt7IJuuNNJTrAJEqbYN6BHqO3zva1TMWb3kyIMX4Vt/U2TdWk0C+hUj2\nSLcCx8Bl28Tq1+buiouWV+IxjNjlPzmN\n-----END PRIVATE KEY-----\n",
            "public_key_fingerprint_md5": "8e:3b:6f:cd:36:24:88:5b:ee:20:c5:45:66:08:24:ca",
            "public_key_fingerprint_sha256": "SHA256:FF0C7sFUHCtd11rf1t8u8ThA8gqS+Hvf4VQS5GEuYCg",
            "public_key_openssh": "ssh-rsa AAAAB3NzaC1yc2EAAAADAQABAAACAQDKOl0IQNz0g6hwaGZAbWl/4r7gxA7P4TT+IKFq+uK8gSTxMQGHzSp0pCTUEl8XgItxLrj8us0y/dXX/wHNeZhFb/RgqWW2PxW56Z835MiTZ7AeXBRxnjqFE6xtoReP8JZ7kv1RJXRLwQqTVDx8EN9uId23K13E3LDX81bb+pyA5CS31LeR/PMzt8k5RVq17ZS+/GU426OA9OlLeqA+IIdXKv5bicc9xfidR+OeCcT/vbRN5a3oaKFTCfRY9iYgEkt3h9TPvmPsaGBonWeEDGVUeMyFYQKDiFJsbtXz1YXir8v+jC7Jdf2f68+Ai0czTNI9pz+x5CvLXG+YYNOQ/IBT1XySy0u8ACiyyJWp0JUl6wu398C3lemsjc2tzv3KsAhI7WZy6mbZXELt9KmJI7FAnlZyLc4eFXRHyRWepg7p1cYT+7NxfXXUiAJoPNyHEFVcF9uZ9lqy6vveUyEPHIo3ZsiIwj88mtXaKmUvACkETnYI2j++5THZunlmRMe5p+Mys0+GodrgQRQ0U7U9/M9e2/R0mZF6zF1nPW6+w7yGepkgvvADMHbmQLGQIvQF2gncdnAU5RcaynmDqs/p2Qr8vJG8PSmBFiatLP9jr4r/DRz62pYFvOQ0TJAn6q17B7rXlkXY6OGQ7tOaf26hQsjTSatePKx9iMZArFyuMj4UdQ==\n",
            "public_key_pem": "-----BEGIN PUBLIC KEY-----\nMIICIjANBgkqhkiG9w0BAQEFAAOCAg8AMIICCgKCAgEAyjpdCEDc9IOocGhmQG1p\nf+K+4MQOz+E0/iChavrivIEk8TEBh80qdKQk1BJfF4CLcS64/LrNMv3V1/8BzXmY\nRW/0YKlltj8VuemfN+TIk2ewHlwUcZ46hROsbaEXj/CWe5L9USV0S8EKk1Q8fBDf\nbiHdtytdxNyw1/NW2/qcgOQkt9S3kfzzM7fJOUVate2UvvxlONujgPTpS3qgPiCH\nVyr+W4nHPcX4nUfjngnE/720TeWt6GihUwn0WPYmIBJLd4fUz75j7GhgaJ1nhAxl\nVHjMhWECg4hSbG7V89WF4q/L/owuyXX9n+vPgItHM0zSPac/seQry1xvmGDTkPyA\nU9V8kstLvAAossiVqdCVJesLt/fAt5XprI3Nrc79yrAISO1mcupm2VxC7fSpiSOx\nQJ5Wci3OHhV0R8kVnqYO6dXGE/uzcX111IgCaDzchxBVXBfbmfZasur73lMhDxyK\nN2bIiMI/PJrV2iplLwApBE52CNo/vuUx2bp5ZkTHuafjMrNPhqHa4EEUNFO1PfzP\nXtv0dJmResxdZz1uvsO8hnqZIL7wAzB25kCxkCL0BdoJ3HZwFOUXGsp5g6rP6dkK\n/LyRvD0pgRYmrSz/Y6+K/w0c+tqWBbzkNEyQJ+qtewe615ZF2OjhkO7Tmn9uoULI\n00mrXjysfYjGQKxcrjI+FHUCAwEAAQ==\n-----END PUBLIC KEY-----\n",
            "rsa_bits": 4096
          },
          "sensitive_attributes": [
            [
              {
                "type": "get_attr",
                "value": "private_key_openssh"
              }
            ],
            [
              {
                "type": "get_attr",
                "value": "private_key_pem"
              }
            ],
            [
              {
                "type": "get_attr",
                "value": "private_key_pem_pkcs8"
              }
            ]
          ],
          "identity_schema_version": 0,
          "create_before_destroy": true
        }
      ]
    },
    {
      "module": "module.ec2[\"jenkins-terraform\"]",
      "mode": "managed",
      "type": "aws_instance",
      "name": "instances",
      "provider": "provider[\"registry.terraform.io/hashicorp/aws\"]",
      "instances": [
        {
          "schema_version": 1,
          "attributes": {
            "ami": "ami-087d1c9a513324697",
            "arn": "arn:aws:ec2:ap-south-1:566579489861:instance/i-068cedfef6e7dbaea",
            "associate_public_ip_address": false,
            "availability_zone": "ap-south-1a",
            "capacity_reservation_specification": [
              {
                "capacity_reservation_preference": "open",
                "capacity_reservation_target": []
              }
            ],
            "cpu_core_count": 1,
            "cpu_options": [
              {
                "amd_sev_snp": "",
                "core_count": 1,
                "threads_per_core": 2
              }
            ],
            "cpu_threads_per_core": 2,
            "credit_specification": [
              {
                "cpu_credits": "unlimited"
              }
            ],
            "disable_api_stop": false,
            "disable_api_termination": false,
            "ebs_block_device": [],
            "ebs_optimized": false,
            "enable_primary_ipv6": null,
            "enclave_options": [
              {
                "enabled": false
              }
            ],
            "ephemeral_block_device": [],
            "get_password_data": false,
            "hibernation": false,
            "host_id": "",
            "host_resource_group_arn": null,
            "iam_instance_profile": "",
            "id": "i-068cedfef6e7dbaea",
            "instance_initiated_shutdown_behavior": "stop",
            "instance_lifecycle": "",
            "instance_market_options": [],
            "instance_state": "running",
            "instance_type": "t3.medium",
            "ipv6_address_count": 0,
            "ipv6_addresses": [],
            "key_name": "jenkins-terraform-key",
            "launch_template": [],
            "maintenance_options": [
              {
                "auto_recovery": "default"
              }
            ],
            "metadata_options": [
              {
                "http_endpoint": "enabled",
                "http_protocol_ipv6": "disabled",
                "http_put_response_hop_limit": 1,
                "http_tokens": "optional",
                "instance_metadata_tags": "disabled"
              }
            ],
            "monitoring": false,
            "network_interface": [],
            "outpost_arn": "",
            "password_data": "",
            "placement_group": "",
            "placement_partition_number": 0,
            "primary_network_interface_id": "eni-0e54055c70f37b648",
            "private_dns": "ip-10-0-100-136.ap-south-1.compute.internal",
            "private_dns_name_options": [
              {
                "enable_resource_name_dns_a_record": false,
                "enable_resource_name_dns_aaaa_record": false,
                "hostname_type": "ip-name"
              }
            ],
            "private_ip": "10.0.100.136",
            "public_dns": "",
            "public_ip": "",
            "root_block_device": [
              {
                "delete_on_termination": true,
                "device_name": "/dev/sda1",
                "encrypted": false,
                "iops": 100,
                "kms_key_id": "",
                "tags": {},
                "tags_all": {},
                "throughput": 0,
                "volume_id": "vol-0f4127bab97304eab",
                "volume_size": 8,
                "volume_type": "gp2"
              }
            ],
            "secondary_private_ips": [],
            "security_groups": [],
            "source_dest_check": true,
            "spot_instance_request_id": "",
            "subnet_id": "subnet-058a9568cbffd97b7",
            "tags": {
              "Name": "jenkins-terraform"
            },
            "tags_all": {
              "Name": "jenkins-terraform"
            },
            "tenancy": "default",
            "timeouts": null,
            "user_data": "df138a8944daa24ac15b20d7aabf14639947ebb5",
            "user_data_base64": null,
            "user_data_replace_on_change": true,
            "volume_tags": null,
            "vpc_security_group_ids": [
              "sg-0457fca8120e3ef2f"
            ]
          },
          "sensitive_attributes": [],
          "identity_schema_version": 0,
          "private": "eyJlMmJmYjczMC1lY2FhLTExZTYtOGY4OC0zNDM2M2JjN2M0YzAiOnsiY3JlYXRlIjo2MDAwMDAwMDAwMDAsImRlbGV0ZSI6MTIwMDAwMDAwMDAwMCwicmVhZCI6OTAwMDAwMDAwMDAwLCJ1cGRhdGUiOjYwMDAwMDAwMDAwMH0sInNjaGVtYV92ZXJzaW9uIjoiMSJ9",
          "dependencies": [
            "module.app_alb.aws_security_group.alb_sg",
            "module.ec2.aws_key_pair.key_pair",
            "module.ec2.aws_security_group.sg",
            "module.ec2.tls_private_key.key",
            "module.vpc.aws_subnet.private_subnet",
            "module.vpc.aws_vpc.terra_vpc",
            "module.vpc.data.aws_availability_zones.available"
          ],
          "create_before_destroy": true
        }
      ]
    },
    {
      "module": "module.ec2[\"jenkins-terraform\"]",
      "mode": "managed",
      "type": "aws_key_pair",
      "name": "key_pair",
      "provider": "provider[\"registry.terraform.io/hashicorp/aws\"]",
      "instances": [
        {
          "schema_version": 1,
          "attributes": {
            "arn": "arn:aws:ec2:ap-south-1:566579489861:key-pair/jenkins-terraform-key",
            "fingerprint": "c1:b6:dc:80:f8:c1:03:3a:15:bb:e9:19:13:5a:44:8d",
            "id": "jenkins-terraform-key",
            "key_name": "jenkins-terraform-key",
            "key_name_prefix": "",
            "key_pair_id": "key-00076167f353399a9",
            "key_type": "rsa",
            "public_key": "ssh-rsa AAAAB3NzaC1yc2EAAAADAQABAAACAQCj2s1yxEK/NXOPZz+rhaTyh7mEt6xWRFgxTkq0UWiAtEL2fbnu9roHz9ObF+VeezKzOtweseBMjD13X0rSdnDZ9x3go6/YTjRWV2QKIKlcdOVePH3wLtyvbOuuHkeAw66R0DwXoiFeouyqazwwmIAuyWLV4jkgouf5VTO4B1UF/7+IgkCL1o2uiQxZDwFl4qK4eTzWc37CzL+HST5tKXZ9xjre+4aE0exoue5ZU0KxEE2j3QGJAC1Tf9uj0TlYzn7GYBsmgOhiE2VKniDYYEsCwRHNXPrtZ1FPBC2U674Hsq8hLdjyNSKRTf1yIgo2yfdcl5rmksxqv+9pw3zqaLKu+8wgtzQh97ieXg035Noos5TGrs7bdLgNE0xxplpgUR1u6QkZEFi5ydpRMYjbJ+8Fd6Mw56ZVJOAkrffrJofkNlo0EYpUGeXpqS6DNNde/+fj8iTssSZvUcldNsOWKP2OGE6rDXFZiEwbtwD/8XeFS/v6UCzCEbUVi6FwesByTvGBPpvnLLtZuImftnvh7pwU5W3NPVVZDjDgdEgi+4M5WD6qeWPbcTa40XknzT9LsV6a84OjFfW7vUJ/feN4eEm25Lm+8gESZTj01LEws9ka9bagPnUvv1gyXqG0gfKGYyjJyL+MwXXeU/CjC0U1g9rA1d3ENYvMWkR6dA+brwHF5Q==",
            "tags": {},
            "tags_all": {}
          },
          "sensitive_attributes": [],
          "identity_schema_version": 0,
          "private": "eyJzY2hlbWFfdmVyc2lvbiI6IjEifQ==",
          "dependencies": [
            "module.ec2.tls_private_key.key"
          ],
          "create_before_destroy": true
        }
      ]
    },
    {
      "module": "module.ec2[\"jenkins-terraform\"]",
      "mode": "managed",
      "type": "aws_security_group",
      "name": "sg",
      "provider": "provider[\"registry.terraform.io/hashicorp/aws\"]",
      "instances": [
        {
          "schema_version": 1,
          "attributes": {
            "arn": "arn:aws:ec2:ap-south-1:566579489861:security-group/sg-0457fca8120e3ef2f",
            "description": "Managed by Terraform",
            "egress": [
              {
                "cidr_blocks": [
                  "0.0.0.0/0"
                ],
                "description": "",
                "from_port": 0,
                "ipv6_cidr_blocks": [],
                "prefix_list_ids": [],
                "protocol": "-1",
                "security_groups": [],
                "self": false,
                "to_port": 0
              }
            ],
            "id": "sg-0457fca8120e3ef2f",
            "ingress": [
              {
                "cidr_blocks": [
                  "0.0.0.0/0"
                ],
                "description": "",
                "from_port": 22,
                "ipv6_cidr_blocks": [],
                "prefix_list_ids": [],
                "protocol": "tcp",
                "security_groups": [],
                "self": false,
                "to_port": 22
              },
              {
                "cidr_blocks": [],
                "description": "",
                "from_port": 8080,
                "ipv6_cidr_blocks": [],
                "prefix_list_ids": [],
                "protocol": "tcp",
                "security_groups": [
                  "sg-04c26c55ba9f072e4"
                ],
                "self": false,
                "to_port": 8080
              }
            ],
            "name": "jenkins-terraform-sg",
            "name_prefix": "",
            "owner_id": "566579489861",
            "revoke_rules_on_delete": false,
            "tags": {},
            "tags_all": {},
            "timeouts": null,
            "vpc_id": "vpc-0a2f7c54e49b3ba15"
          },
          "sensitive_attributes": [],
          "identity_schema_version": 0,
          "private": "eyJlMmJmYjczMC1lY2FhLTExZTYtOGY4OC0zNDM2M2JjN2M0YzAiOnsiY3JlYXRlIjo2MDAwMDAwMDAwMDAsImRlbGV0ZSI6OTAwMDAwMDAwMDAwfSwic2NoZW1hX3ZlcnNpb24iOiIxIn0=",
          "dependencies": [
            "module.app_alb.aws_security_group.alb_sg",
            "module.vpc.aws_vpc.terra_vpc"
          ],
          "create_before_destroy": true
        }
      ]
    },
    {
      "module": "module.ec2[\"jenkins-terraform\"]",
      "mode": "managed",
      "type": "local_file",
      "name": "private_key",
      "provider": "provider[\"registry.terraform.io/hashicorp/local\"]",
      "instances": [
        {
          "schema_version": 0,
          "attributes": {
            "content": "-----BEGIN RSA PRIVATE KEY-----\nMIIJJwIBAAKCAgEAo9rNcsRCvzVzj2c/q4Wk8oe5hLesVkRYMU5KtFFogLRC9n25\n7va6B8/TmxflXnsyszrcHrHgTIw9d19K0nZw2fcd4KOv2E40VldkCiCpXHTlXjx9\n8C7cr2zrrh5HgMOukdA8F6IhXqLsqms8MJiALsli1eI5IKLn+VUzuAdVBf+/iIJA\ni9aNrokMWQ8BZeKiuHk81nN+wsy/h0k+bSl2fcY63vuGhNHsaLnuWVNCsRBNo90B\niQAtU3/bo9E5WM5+xmAbJoDoYhNlSp4g2GBLAsERzVz67WdRTwQtlOu+B7KvIS3Y\n8jUikU39ciIKNsn3XJea5pLMar/vacN86miyrvvMILc0Ife4nl4NN+TaKLOUxq7O\n23S4DRNMcaZaYFEdbukJGRBYucnaUTGI2yfvBXejMOemVSTgJK336yaH5DZaNBGK\nVBnl6akugzTXXv/n4/Ik7LEmb1HJXTbDlij9jhhOqw1xWYhMG7cA//F3hUv7+lAs\nwhG1FYuhcHrAck7xgT6b5yy7WbiJn7Z74e6cFOVtzT1VWQ4w4HRIIvuDOVg+qnlj\n23E2uNF5J80/S7FemvODoxX1u71Cf33jeHhJtuS5vvIBEmU49NSxMLPZGvW2oD51\nL79YMl6htIHyhmMoyci/jMF13lPwowtFNYPawNXdxDWLzFpEenQPm68BxeUCAwEA\nAQKCAgAEAYQu114DYzjnS2Cq3ppVBJz0QfJQbJzUXcPlSy05Ik8VzCaY0UbkjH/x\npYCp0ezAJYL+rB4d+PrCuZ1wbk1dgtVj6dSRfv34E2xidAB3/nKiHmv8zISANHNB\nn0NjwkT5EyR49nGG6QhMtVD0JjJSEoHcVUrMwbbWqW7Zg7JgMmu6GGcgFBeEKh0X\na06/MS6FwI8Mdifl9tAC7Hc+f3pCYm+Lho44HpK/T7ZkUC0L+6hORoe0VAEHrtNN\nmr6ibW/7hRt80j98MFm0XI/UgmwrDdHT2b9XwQQjoKhFoQrVENkHwGFysHpfH48/\n9FWYF9F4ncs/clzViko95XXfHD6sDvwYl37bUxagus4s5SMo3Z9VjuQjFGQ+tKQw\nqRkvP687dGMEwDhCS0Whfu1oiUiikOuaAMcNfETRlwilMemGS319NkW/gbKgaiRb\n+0qz0o1tvnUZpimFSfMnr6sX6DfykPfqFm3P8eiLOhfvHoKa+gA+iWSZlPwrdKHl\nGtbhALIeSmjwN1gXtpMGGrG0asQ/B8+bQ8PC1Xsx4wjQbk+fwadOlIxHWN9IgKMJ\ndgb6laW9Vj0gwhIWkebTtIeV1h9vPCY1GPkEOV7iM1dTyfEifZGDujjB2Wgf4G1/\nYDwYjL+myQxq184/3hg7pIfKH+mthhcYdgtDCtwU+T61vbsp6QKCAQEAwkWi9Dz7\nXVm/IGDnkQWIFOU2iK8Bco+C2hineQvBMtZeb4eVFJZ4HtKPT6pm89uvC5j7q1eK\nEnw67v1RG8MULuefP5ta94cLjKxEGzPJipNg1hEAbmf1rcOPupdmQloyuBJ8blrU\nuegzpFln+rtgzjevxrCeaMY0mPsX8QZW/UPf98getoewNq0KvYyzoRU6cDeXfyTD\nSgmhzoEr745ydKb2J/6Xm6NY4+O+1OWt5lDW4pIs1iR5wEhpJUXEeLUxe3MpuVY4\nDucZBs0bryDK324N9MzSBDrB3/bwyQNBFfsgyGhBl7vzZOtM6pycUaM+zbjtOb5J\n2RlAsj9U0pFKOQKCAQEA1+r6SrPqBFlji6ibXzSxHI6KZqR4QuU4E8Bsdm3XlG85\nwe2pVTEEv7F50HgA+YfMP1sbQF+HE3XKX6zf2s0WfNZJ7GwxQ5UiIfotlKL3Zlnb\ncZUfyUmltBbMCQy9QJMskz8WzMy5BHnaoTp5GJyCV6AEIlP/78DVPGj0SA/Z9YIs\nW0gowtg4uBuBPslgUSzuqQl19AeqsrF4sHM1Vs1XcPvOYm8l2jA21rCEKV7pOhX0\n9fybU0tsaQBhn4y/lrlpeiQm3iLuugCZ+xpYUhp3MxUJXMsQ5Ip7ElHNEnQJ2Za0\n/hJeLjmhYc2oIU76yVsbpyQnDHaysoUBiziShi0JDQKCAQB1+H2E3QczX81dJxtX\niEljjvE3vTYe0CEAuZnxOn8elOiRx35zGxBkfy6BjROpn8zDOSoSmT0CDqhm+jLn\nreWyufqNUJTD3SDZUr6k2iTX3rkeJQLjCIQ6+ZdtEoUJY+aKuscO6F9naSb69UPc\nES8u6sf12sjHDR1hjJC0T0pBz5bQy5hC9VC/UwNDqY5nEhIDlO6NSdDBQ+obEXuR\npCnCxqSSEtsTqvTOpjz64WJhitOCkItjmpDIf/BBrwUo27bppTxADKhL/G/JHoJi\nLYKkfRtCfaJG6TtT+ourNSuv4mi86fpy3rJlpTF3ApU2SfBYUqTTvMbxa5FK7IRg\nvdOZAoIBABLWp5vY8rQKcIsA3P2DhWhub1jhRLThdvESOuRiVQrYYXuwFrQeIMHw\n5CXyMnOTC5kDg+8r5ocmIdATLzzR5AJkV/LOxcWVv3Kjd1KenWNKt8DDOBDB4jlC\nO+8WM3Ts4li+imi3+/SOBStIBMTG8wBeL74nAg+TDYfFyHp5F5U6FFCqjRPi9Z/q\nlm4597Ndbj1FXAs8mAIbReJvStoV9GkhLzKba/wLdN1qbT2G0GaG/+Zuccbkr8LB\ni8L17slhx/gmK1X6SkXkQ4sLE2WmdXv5e+WiugiWpIJGrNPNWAaqBYSdaaYy1QfJ\nf7/YOj1TO6hrmRSXTqQQwr+44d/fEgkCggEAcR4xjwgZodBNRmtWC3sQaqPobLYo\nh/BECG6KVpbFk7BtHtBLdz+95B9D/fO6cw+8w4J8Tm2XqynGX0XzVnfnPfzjBUPv\nsLnoG4H9xtUqp/vNzWtOtHtZORH0Q7SjWgsg1rk6XUs2Rsaq3ZIxHD5kDXO22yB/\nymrTvfi8MEJ1Je9yAndAhVL5lp+HtWVwZoqJQuVd2i2Pi4jUQizpdvDRjNNrjRYB\nGkCgNiLsNx9ur01lwLs50iPojYi3mGAH6w67Hvn2t1ScQdTCUWdzQSVqVurleiOP\n/Sgo6iQnt38jucWaO7nURdA9vYJF0HvGEWKjFkabXm+XzGamryNei40xsA==\n-----END RSA PRIVATE KEY-----\n",
            "content_base64": null,
            "content_base64sha256": "QjdO+MjJY2wfEFcWf4A45Jg8hockSbVE+SWTiq+snrw=",
            "content_base64sha512": "n+jE2trZqqUrilnSnyTZZlmETafzkC4FBwWukFJquihkH6uxGQOaKjmaFq4jldnK+CQudCUyXoUQs1+IrGFn1w==",
            "content_md5": "a40882c5775811dab1540232c3db7813",
            "content_sha1": "a1eec276340f625d5b93ebc9c0f173d1108a112b",
            "content_sha256": "42374ef8c8c9636c1f1057167f8038e4983c86872449b544f925938aafac9ebc",
            "content_sha512": "9fe8c4dadad9aaa52b8a59d29f24d96659844da7f3902e050705ae90526aba28641fabb119039a2a399a16ae2395d9caf8242e7425325e8510b35f88ac6167d7",
            "directory_permission": "0777",
            "file_permission": "0600",
            "filename": "modules/ec2/jenkins-terraform-key.pem",
            "id": "a1eec276340f625d5b93ebc9c0f173d1108a112b",
            "sensitive_content": null,
            "source": null
          },
          "sensitive_attributes": [
            [
              {
                "type": "get_attr",
                "value": "content"
              }
            ],
            [
              {
                "type": "get_attr",
                "value": "sensitive_content"
              }
            ]
          ],
          "identity_schema_version": 0,
          "dependencies": [
            "module.ec2.tls_private_key.key"
          ]
        }
      ]
    },
    {
      "module": "module.ec2[\"jenkins-terraform\"]",
      "mode": "managed",
      "type": "tls_private_key",
      "name": "key",
      "provider": "provider[\"registry.terraform.io/hashicorp/tls\"]",
      "instances": [
        {
          "schema_version": 1,
          "attributes": {
            "algorithm": "RSA",
            "ecdsa_curve": "P224",
            "id": "d02d00ce54c1a7a1a5d75ec183e5a7e43566a00d",
            "private_key_openssh": "-----BEGIN OPENSSH PRIVATE KEY-----\nb3BlbnNzaC1rZXktdjEAAAAABG5vbmUAAAAEbm9uZQAAAAAAAAABAAACFwAAAAdz\nc2gtcnNhAAAAAwEAAQAAAgEAo9rNcsRCvzVzj2c/q4Wk8oe5hLesVkRYMU5KtFFo\ngLRC9n257va6B8/TmxflXnsyszrcHrHgTIw9d19K0nZw2fcd4KOv2E40VldkCiCp\nXHTlXjx98C7cr2zrrh5HgMOukdA8F6IhXqLsqms8MJiALsli1eI5IKLn+VUzuAdV\nBf+/iIJAi9aNrokMWQ8BZeKiuHk81nN+wsy/h0k+bSl2fcY63vuGhNHsaLnuWVNC\nsRBNo90BiQAtU3/bo9E5WM5+xmAbJoDoYhNlSp4g2GBLAsERzVz67WdRTwQtlOu+\nB7KvIS3Y8jUikU39ciIKNsn3XJea5pLMar/vacN86miyrvvMILc0Ife4nl4NN+Ta\nKLOUxq7O23S4DRNMcaZaYFEdbukJGRBYucnaUTGI2yfvBXejMOemVSTgJK336yaH\n5DZaNBGKVBnl6akugzTXXv/n4/Ik7LEmb1HJXTbDlij9jhhOqw1xWYhMG7cA//F3\nhUv7+lAswhG1FYuhcHrAck7xgT6b5yy7WbiJn7Z74e6cFOVtzT1VWQ4w4HRIIvuD\nOVg+qnlj23E2uNF5J80/S7FemvODoxX1u71Cf33jeHhJtuS5vvIBEmU49NSxMLPZ\nGvW2oD51L79YMl6htIHyhmMoyci/jMF13lPwowtFNYPawNXdxDWLzFpEenQPm68B\nxeUAAAc4UBTf1VAU39UAAAAHc3NoLXJzYQAAAgEAo9rNcsRCvzVzj2c/q4Wk8oe5\nhLesVkRYMU5KtFFogLRC9n257va6B8/TmxflXnsyszrcHrHgTIw9d19K0nZw2fcd\n4KOv2E40VldkCiCpXHTlXjx98C7cr2zrrh5HgMOukdA8F6IhXqLsqms8MJiALsli\n1eI5IKLn+VUzuAdVBf+/iIJAi9aNrokMWQ8BZeKiuHk81nN+wsy/h0k+bSl2fcY6\n3vuGhNHsaLnuWVNCsRBNo90BiQAtU3/bo9E5WM5+xmAbJoDoYhNlSp4g2GBLAsER\nzVz67WdRTwQtlOu+B7KvIS3Y8jUikU39ciIKNsn3XJea5pLMar/vacN86miyrvvM\nILc0Ife4nl4NN+TaKLOUxq7O23S4DRNMcaZaYFEdbukJGRBYucnaUTGI2yfvBXej\nMOemVSTgJK336yaH5DZaNBGKVBnl6akugzTXXv/n4/Ik7LEmb1HJXTbDlij9jhhO\nqw1xWYhMG7cA//F3hUv7+lAswhG1FYuhcHrAck7xgT6b5yy7WbiJn7Z74e6cFOVt\nzT1VWQ4w4HRIIvuDOVg+qnlj23E2uNF5J80/S7FemvODoxX1u71Cf33jeHhJtuS5\nvvIBEmU49NSxMLPZGvW2oD51L79YMl6htIHyhmMoyci/jMF13lPwowtFNYPawNXd\nxDWLzFpEenQPm68BxeUAAAADAQABAAACAAQBhC7XXgNjOOdLYKremlUEnPRB8lBs\nnNRdw+VLLTkiTxXMJpjRRuSMf/GlgKnR7MAlgv6sHh34+sK5nXBuTV2C1WPp1JF+\n/fgTbGJ0AHf+cqIea/zMhIA0c0GfQ2PCRPkTJHj2cYbpCEy1UPQmMlISgdxVSszB\nttapbtmDsmAya7oYZyAUF4QqHRdrTr8xLoXAjwx2J+X20ALsdz5/ekJib4uGjjge\nkr9PtmRQLQv7qE5Gh7RUAQeu002avqJtb/uFG3zSP3wwWbRcj9SCbCsN0dPZv1fB\nBCOgqEWhCtUQ2QfAYXKwel8fjz/0VZgX0Xidyz9yXNWKSj3ldd8cPqwO/BiXfttT\nFqC6zizlIyjdn1WO5CMUZD60pDCpGS8/rzt0YwTAOEJLRaF+7WiJSKKQ65oAxw18\nRNGXCKUx6YZLfX02Rb+BsqBqJFv7SrPSjW2+dRmmKYVJ8yevqxfoN/KQ9+oWbc/x\n6Is6F+8egpr6AD6JZJmU/Ct0oeUa1uEAsh5KaPA3WBe2kwYasbRqxD8Hz5tDw8LV\nezHjCNBuT5/Bp06UjEdY30iAowl2BvqVpb1WPSDCEhaR5tO0h5XWH288JjUY+QQ5\nXuIzV1PJ8SJ9kYO6OMHZaB/gbX9gPBiMv6bJDGrXzj/eGDukh8of6a2GFxh2C0MK\n3BT5PrW9uynpAAABAHEeMY8IGaHQTUZrVgt7EGqj6Gy2KIfwRAhuilaWxZOwbR7Q\nS3c/veQfQ/3zunMPvMOCfE5tl6spxl9F81Z35z384wVD77C56BuB/cbVKqf7zc1r\nTrR7WTkR9EO0o1oLINa5Ol1LNkbGqt2SMRw+ZA1zttsgf8pq0734vDBCdSXvcgJ3\nQIVS+Zafh7VlcGaKiULlXdotj4uI1EIs6Xbw0YzTa40WARpAoDYi7Dcfbq9NZcC7\nOdIj6I2It5hgB+sOux759rdUnEHUwlFnc0Elalbq5Xojj/0oKOokJ7d/I7nFmju5\n1EXQPb2CRdB7xhFioxZGm15vl8xmpq8jXouNMbAAAAEBAMJFovQ8+11ZvyBg55EF\niBTlNoivAXKPgtoYp3kLwTLWXm+HlRSWeB7Sj0+qZvPbrwuY+6tXihJ8Ou79URvD\nFC7nnz+bWveHC4ysRBszyYqTYNYRAG5n9a3Dj7qXZkJaMrgSfG5a1LnoM6RZZ/q7\nYM43r8awnmjGNJj7F/EGVv1D3/fIHraHsDatCr2Ms6EVOnA3l38kw0oJoc6BK++O\ncnSm9if+l5ujWOPjvtTlreZQ1uKSLNYkecBIaSVFxHi1MXtzKblWOA7nGQbNG68g\nyt9uDfTM0gQ6wd/28MkDQRX7IMhoQZe782TrTOqcnFGjPs247Tm+SdkZQLI/VNKR\nSjkAAAEBANfq+kqz6gRZY4uom180sRyOimakeELlOBPAbHZt15RvOcHtqVUxBL+x\nedB4APmHzD9bG0BfhxN1yl+s39rNFnzWSexsMUOVIiH6LZSi92ZZ23GVH8lJpbQW\nzAkMvUCTLJM/FszMuQR52qE6eRicglegBCJT/+/A1Txo9EgP2fWCLFtIKMLYOLgb\ngT7JYFEs7qkJdfQHqrKxeLBzNVbNV3D7zmJvJdowNtawhCle6ToV9PX8m1NLbGkA\nYZ+Mv5a5aXokJt4i7roAmfsaWFIadzMVCVzLEOSKexJRzRJ0CdmWtP4SXi45oWHN\nqCFO+slbG6ckJwx2srKFAYs4koYtCQ0AAAAAAQID\n-----END OPENSSH PRIVATE KEY-----\n",
            "private_key_pem": "-----BEGIN RSA PRIVATE KEY-----\nMIIJJwIBAAKCAgEAo9rNcsRCvzVzj2c/q4Wk8oe5hLesVkRYMU5KtFFogLRC9n25\n7va6B8/TmxflXnsyszrcHrHgTIw9d19K0nZw2fcd4KOv2E40VldkCiCpXHTlXjx9\n8C7cr2zrrh5HgMOukdA8F6IhXqLsqms8MJiALsli1eI5IKLn+VUzuAdVBf+/iIJA\ni9aNrokMWQ8BZeKiuHk81nN+wsy/h0k+bSl2fcY63vuGhNHsaLnuWVNCsRBNo90B\niQAtU3/bo9E5WM5+xmAbJoDoYhNlSp4g2GBLAsERzVz67WdRTwQtlOu+B7KvIS3Y\n8jUikU39ciIKNsn3XJea5pLMar/vacN86miyrvvMILc0Ife4nl4NN+TaKLOUxq7O\n23S4DRNMcaZaYFEdbukJGRBYucnaUTGI2yfvBXejMOemVSTgJK336yaH5DZaNBGK\nVBnl6akugzTXXv/n4/Ik7LEmb1HJXTbDlij9jhhOqw1xWYhMG7cA//F3hUv7+lAs\nwhG1FYuhcHrAck7xgT6b5yy7WbiJn7Z74e6cFOVtzT1VWQ4w4HRIIvuDOVg+qnlj\n23E2uNF5J80/S7FemvODoxX1u71Cf33jeHhJtuS5vvIBEmU49NSxMLPZGvW2oD51\nL79YMl6htIHyhmMoyci/jMF13lPwowtFNYPawNXdxDWLzFpEenQPm68BxeUCAwEA\nAQKCAgAEAYQu114DYzjnS2Cq3ppVBJz0QfJQbJzUXcPlSy05Ik8VzCaY0UbkjH/x\npYCp0ezAJYL+rB4d+PrCuZ1wbk1dgtVj6dSRfv34E2xidAB3/nKiHmv8zISANHNB\nn0NjwkT5EyR49nGG6QhMtVD0JjJSEoHcVUrMwbbWqW7Zg7JgMmu6GGcgFBeEKh0X\na06/MS6FwI8Mdifl9tAC7Hc+f3pCYm+Lho44HpK/T7ZkUC0L+6hORoe0VAEHrtNN\nmr6ibW/7hRt80j98MFm0XI/UgmwrDdHT2b9XwQQjoKhFoQrVENkHwGFysHpfH48/\n9FWYF9F4ncs/clzViko95XXfHD6sDvwYl37bUxagus4s5SMo3Z9VjuQjFGQ+tKQw\nqRkvP687dGMEwDhCS0Whfu1oiUiikOuaAMcNfETRlwilMemGS319NkW/gbKgaiRb\n+0qz0o1tvnUZpimFSfMnr6sX6DfykPfqFm3P8eiLOhfvHoKa+gA+iWSZlPwrdKHl\nGtbhALIeSmjwN1gXtpMGGrG0asQ/B8+bQ8PC1Xsx4wjQbk+fwadOlIxHWN9IgKMJ\ndgb6laW9Vj0gwhIWkebTtIeV1h9vPCY1GPkEOV7iM1dTyfEifZGDujjB2Wgf4G1/\nYDwYjL+myQxq184/3hg7pIfKH+mthhcYdgtDCtwU+T61vbsp6QKCAQEAwkWi9Dz7\nXVm/IGDnkQWIFOU2iK8Bco+C2hineQvBMtZeb4eVFJZ4HtKPT6pm89uvC5j7q1eK\nEnw67v1RG8MULuefP5ta94cLjKxEGzPJipNg1hEAbmf1rcOPupdmQloyuBJ8blrU\nuegzpFln+rtgzjevxrCeaMY0mPsX8QZW/UPf98getoewNq0KvYyzoRU6cDeXfyTD\nSgmhzoEr745ydKb2J/6Xm6NY4+O+1OWt5lDW4pIs1iR5wEhpJUXEeLUxe3MpuVY4\nDucZBs0bryDK324N9MzSBDrB3/bwyQNBFfsgyGhBl7vzZOtM6pycUaM+zbjtOb5J\n2RlAsj9U0pFKOQKCAQEA1+r6SrPqBFlji6ibXzSxHI6KZqR4QuU4E8Bsdm3XlG85\nwe2pVTEEv7F50HgA+YfMP1sbQF+HE3XKX6zf2s0WfNZJ7GwxQ5UiIfotlKL3Zlnb\ncZUfyUmltBbMCQy9QJMskz8WzMy5BHnaoTp5GJyCV6AEIlP/78DVPGj0SA/Z9YIs\nW0gowtg4uBuBPslgUSzuqQl19AeqsrF4sHM1Vs1XcPvOYm8l2jA21rCEKV7pOhX0\n9fybU0tsaQBhn4y/lrlpeiQm3iLuugCZ+xpYUhp3MxUJXMsQ5Ip7ElHNEnQJ2Za0\n/hJeLjmhYc2oIU76yVsbpyQnDHaysoUBiziShi0JDQKCAQB1+H2E3QczX81dJxtX\niEljjvE3vTYe0CEAuZnxOn8elOiRx35zGxBkfy6BjROpn8zDOSoSmT0CDqhm+jLn\nreWyufqNUJTD3SDZUr6k2iTX3rkeJQLjCIQ6+ZdtEoUJY+aKuscO6F9naSb69UPc\nES8u6sf12sjHDR1hjJC0T0pBz5bQy5hC9VC/UwNDqY5nEhIDlO6NSdDBQ+obEXuR\npCnCxqSSEtsTqvTOpjz64WJhitOCkItjmpDIf/BBrwUo27bppTxADKhL/G/JHoJi\nLYKkfRtCfaJG6TtT+ourNSuv4mi86fpy3rJlpTF3ApU2SfBYUqTTvMbxa5FK7IRg\nvdOZAoIBABLWp5vY8rQKcIsA3P2DhWhub1jhRLThdvESOuRiVQrYYXuwFrQeIMHw\n5CXyMnOTC5kDg+8r5ocmIdATLzzR5AJkV/LOxcWVv3Kjd1KenWNKt8DDOBDB4jlC\nO+8WM3Ts4li+imi3+/SOBStIBMTG8wBeL74nAg+TDYfFyHp5F5U6FFCqjRPi9Z/q\nlm4597Ndbj1FXAs8mAIbReJvStoV9GkhLzKba/wLdN1qbT2G0GaG/+Zuccbkr8LB\ni8L17slhx/gmK1X6SkXkQ4sLE2WmdXv5e+WiugiWpIJGrNPNWAaqBYSdaaYy1QfJ\nf7/YOj1TO6hrmRSXTqQQwr+44d/fEgkCggEAcR4xjwgZodBNRmtWC3sQaqPobLYo\nh/BECG6KVpbFk7BtHtBLdz+95B9D/fO6cw+8w4J8Tm2XqynGX0XzVnfnPfzjBUPv\nsLnoG4H9xtUqp/vNzWtOtHtZORH0Q7SjWgsg1rk6XUs2Rsaq3ZIxHD5kDXO22yB/\nymrTvfi8MEJ1Je9yAndAhVL5lp+HtWVwZoqJQuVd2i2Pi4jUQizpdvDRjNNrjRYB\nGkCgNiLsNx9ur01lwLs50iPojYi3mGAH6w67Hvn2t1ScQdTCUWdzQSVqVurleiOP\n/Sgo6iQnt38jucWaO7nURdA9vYJF0HvGEWKjFkabXm+XzGamryNei40xsA==\n-----END RSA PRIVATE KEY-----\n",
            "private_key_pem_pkcs8": "-----BEGIN PRIVATE KEY-----\nMIIJQQIBADANBgkqhkiG9w0BAQEFAASCCSswggknAgEAAoICAQCj2s1yxEK/NXOP\nZz+rhaTyh7mEt6xWRFgxTkq0UWiAtEL2fbnu9roHz9ObF+VeezKzOtweseBMjD13\nX0rSdnDZ9x3go6/YTjRWV2QKIKlcdOVePH3wLtyvbOuuHkeAw66R0DwXoiFeouyq\nazwwmIAuyWLV4jkgouf5VTO4B1UF/7+IgkCL1o2uiQxZDwFl4qK4eTzWc37CzL+H\nST5tKXZ9xjre+4aE0exoue5ZU0KxEE2j3QGJAC1Tf9uj0TlYzn7GYBsmgOhiE2VK\nniDYYEsCwRHNXPrtZ1FPBC2U674Hsq8hLdjyNSKRTf1yIgo2yfdcl5rmksxqv+9p\nw3zqaLKu+8wgtzQh97ieXg035Noos5TGrs7bdLgNE0xxplpgUR1u6QkZEFi5ydpR\nMYjbJ+8Fd6Mw56ZVJOAkrffrJofkNlo0EYpUGeXpqS6DNNde/+fj8iTssSZvUcld\nNsOWKP2OGE6rDXFZiEwbtwD/8XeFS/v6UCzCEbUVi6FwesByTvGBPpvnLLtZuImf\ntnvh7pwU5W3NPVVZDjDgdEgi+4M5WD6qeWPbcTa40XknzT9LsV6a84OjFfW7vUJ/\nfeN4eEm25Lm+8gESZTj01LEws9ka9bagPnUvv1gyXqG0gfKGYyjJyL+MwXXeU/Cj\nC0U1g9rA1d3ENYvMWkR6dA+brwHF5QIDAQABAoICAAQBhC7XXgNjOOdLYKremlUE\nnPRB8lBsnNRdw+VLLTkiTxXMJpjRRuSMf/GlgKnR7MAlgv6sHh34+sK5nXBuTV2C\n1WPp1JF+/fgTbGJ0AHf+cqIea/zMhIA0c0GfQ2PCRPkTJHj2cYbpCEy1UPQmMlIS\ngdxVSszBttapbtmDsmAya7oYZyAUF4QqHRdrTr8xLoXAjwx2J+X20ALsdz5/ekJi\nb4uGjjgekr9PtmRQLQv7qE5Gh7RUAQeu002avqJtb/uFG3zSP3wwWbRcj9SCbCsN\n0dPZv1fBBCOgqEWhCtUQ2QfAYXKwel8fjz/0VZgX0Xidyz9yXNWKSj3ldd8cPqwO\n/BiXfttTFqC6zizlIyjdn1WO5CMUZD60pDCpGS8/rzt0YwTAOEJLRaF+7WiJSKKQ\n65oAxw18RNGXCKUx6YZLfX02Rb+BsqBqJFv7SrPSjW2+dRmmKYVJ8yevqxfoN/KQ\n9+oWbc/x6Is6F+8egpr6AD6JZJmU/Ct0oeUa1uEAsh5KaPA3WBe2kwYasbRqxD8H\nz5tDw8LVezHjCNBuT5/Bp06UjEdY30iAowl2BvqVpb1WPSDCEhaR5tO0h5XWH288\nJjUY+QQ5XuIzV1PJ8SJ9kYO6OMHZaB/gbX9gPBiMv6bJDGrXzj/eGDukh8of6a2G\nFxh2C0MK3BT5PrW9uynpAoIBAQDCRaL0PPtdWb8gYOeRBYgU5TaIrwFyj4LaGKd5\nC8Ey1l5vh5UUlnge0o9Pqmbz268LmPurV4oSfDru/VEbwxQu558/m1r3hwuMrEQb\nM8mKk2DWEQBuZ/Wtw4+6l2ZCWjK4EnxuWtS56DOkWWf6u2DON6/GsJ5oxjSY+xfx\nBlb9Q9/3yB62h7A2rQq9jLOhFTpwN5d/JMNKCaHOgSvvjnJ0pvYn/pebo1jj477U\n5a3mUNbikizWJHnASGklRcR4tTF7cym5VjgO5xkGzRuvIMrfbg30zNIEOsHf9vDJ\nA0EV+yDIaEGXu/Nk60zqnJxRoz7NuO05vknZGUCyP1TSkUo5AoIBAQDX6vpKs+oE\nWWOLqJtfNLEcjopmpHhC5TgTwGx2bdeUbznB7alVMQS/sXnQeAD5h8w/WxtAX4cT\ndcpfrN/azRZ81knsbDFDlSIh+i2UovdmWdtxlR/JSaW0FswJDL1AkyyTPxbMzLkE\nedqhOnkYnIJXoAQiU//vwNU8aPRID9n1gixbSCjC2Di4G4E+yWBRLO6pCXX0B6qy\nsXiwczVWzVdw+85ibyXaMDbWsIQpXuk6FfT1/JtTS2xpAGGfjL+WuWl6JCbeIu66\nAJn7GlhSGnczFQlcyxDkinsSUc0SdAnZlrT+El4uOaFhzaghTvrJWxunJCcMdrKy\nhQGLOJKGLQkNAoIBAHX4fYTdBzNfzV0nG1eISWOO8Te9Nh7QIQC5mfE6fx6U6JHH\nfnMbEGR/LoGNE6mfzMM5KhKZPQIOqGb6Muet5bK5+o1QlMPdINlSvqTaJNfeuR4l\nAuMIhDr5l20ShQlj5oq6xw7oX2dpJvr1Q9wRLy7qx/XayMcNHWGMkLRPSkHPltDL\nmEL1UL9TA0OpjmcSEgOU7o1J0MFD6hsRe5GkKcLGpJIS2xOq9M6mPPrhYmGK04KQ\ni2OakMh/8EGvBSjbtumlPEAMqEv8b8kegmItgqR9G0J9okbpO1P6i6s1K6/iaLzp\n+nLesmWlMXcClTZJ8FhSpNO8xvFrkUrshGC905kCggEAEtanm9jytApwiwDc/YOF\naG5vWOFEtOF28RI65GJVCthhe7AWtB4gwfDkJfIyc5MLmQOD7yvmhyYh0BMvPNHk\nAmRX8s7FxZW/cqN3Up6dY0q3wMM4EMHiOUI77xYzdOziWL6KaLf79I4FK0gExMbz\nAF4vvicCD5MNh8XIenkXlToUUKqNE+L1n+qWbjn3s11uPUVcCzyYAhtF4m9K2hX0\naSEvMptr/At03WptPYbQZob/5m5xxuSvwsGLwvXuyWHH+CYrVfpKReRDiwsTZaZ1\ne/l75aK6CJakgkas081YBqoFhJ1ppjLVB8l/v9g6PVM7qGuZFJdOpBDCv7jh398S\nCQKCAQBxHjGPCBmh0E1Ga1YLexBqo+hstiiH8EQIbopWlsWTsG0e0Et3P73kH0P9\n87pzD7zDgnxObZerKcZfRfNWd+c9/OMFQ++wuegbgf3G1Sqn+83Na060e1k5EfRD\ntKNaCyDWuTpdSzZGxqrdkjEcPmQNc7bbIH/KatO9+LwwQnUl73ICd0CFUvmWn4e1\nZXBmiolC5V3aLY+LiNRCLOl28NGM02uNFgEaQKA2Iuw3H26vTWXAuznSI+iNiLeY\nYAfrDrse+fa3VJxB1MJRZ3NBJWpW6uV6I4/9KCjqJCe3fyO5xZo7udRF0D29gkXQ\ne8YRYqMWRpteb5fMZqavI16LjTGw\n-----END PRIVATE KEY-----\n",
            "public_key_fingerprint_md5": "cb:68:29:61:5a:6c:b9:d8:67:c0:3a:31:29:b1:43:6a",
            "public_key_fingerprint_sha256": "SHA256:+ts94x7rA8Hsg+H1pU1HVwUAYLgwQh0UD2SKBDnNp/8",
            "public_key_openssh": "ssh-rsa AAAAB3NzaC1yc2EAAAADAQABAAACAQCj2s1yxEK/NXOPZz+rhaTyh7mEt6xWRFgxTkq0UWiAtEL2fbnu9roHz9ObF+VeezKzOtweseBMjD13X0rSdnDZ9x3go6/YTjRWV2QKIKlcdOVePH3wLtyvbOuuHkeAw66R0DwXoiFeouyqazwwmIAuyWLV4jkgouf5VTO4B1UF/7+IgkCL1o2uiQxZDwFl4qK4eTzWc37CzL+HST5tKXZ9xjre+4aE0exoue5ZU0KxEE2j3QGJAC1Tf9uj0TlYzn7GYBsmgOhiE2VKniDYYEsCwRHNXPrtZ1FPBC2U674Hsq8hLdjyNSKRTf1yIgo2yfdcl5rmksxqv+9pw3zqaLKu+8wgtzQh97ieXg035Noos5TGrs7bdLgNE0xxplpgUR1u6QkZEFi5ydpRMYjbJ+8Fd6Mw56ZVJOAkrffrJofkNlo0EYpUGeXpqS6DNNde/+fj8iTssSZvUcldNsOWKP2OGE6rDXFZiEwbtwD/8XeFS/v6UCzCEbUVi6FwesByTvGBPpvnLLtZuImftnvh7pwU5W3NPVVZDjDgdEgi+4M5WD6qeWPbcTa40XknzT9LsV6a84OjFfW7vUJ/feN4eEm25Lm+8gESZTj01LEws9ka9bagPnUvv1gyXqG0gfKGYyjJyL+MwXXeU/CjC0U1g9rA1d3ENYvMWkR6dA+brwHF5Q==\n",
            "public_key_pem": "-----BEGIN PUBLIC KEY-----\nMIICIjANBgkqhkiG9w0BAQEFAAOCAg8AMIICCgKCAgEAo9rNcsRCvzVzj2c/q4Wk\n8oe5hLesVkRYMU5KtFFogLRC9n257va6B8/TmxflXnsyszrcHrHgTIw9d19K0nZw\n2fcd4KOv2E40VldkCiCpXHTlXjx98C7cr2zrrh5HgMOukdA8F6IhXqLsqms8MJiA\nLsli1eI5IKLn+VUzuAdVBf+/iIJAi9aNrokMWQ8BZeKiuHk81nN+wsy/h0k+bSl2\nfcY63vuGhNHsaLnuWVNCsRBNo90BiQAtU3/bo9E5WM5+xmAbJoDoYhNlSp4g2GBL\nAsERzVz67WdRTwQtlOu+B7KvIS3Y8jUikU39ciIKNsn3XJea5pLMar/vacN86miy\nrvvMILc0Ife4nl4NN+TaKLOUxq7O23S4DRNMcaZaYFEdbukJGRBYucnaUTGI2yfv\nBXejMOemVSTgJK336yaH5DZaNBGKVBnl6akugzTXXv/n4/Ik7LEmb1HJXTbDlij9\njhhOqw1xWYhMG7cA//F3hUv7+lAswhG1FYuhcHrAck7xgT6b5yy7WbiJn7Z74e6c\nFOVtzT1VWQ4w4HRIIvuDOVg+qnlj23E2uNF5J80/S7FemvODoxX1u71Cf33jeHhJ\ntuS5vvIBEmU49NSxMLPZGvW2oD51L79YMl6htIHyhmMoyci/jMF13lPwowtFNYPa\nwNXdxDWLzFpEenQPm68BxeUCAwEAAQ==\n-----END PUBLIC KEY-----\n",
            "rsa_bits": 4096
          },
          "sensitive_attributes": [
            [
              {
                "type": "get_attr",
                "value": "private_key_openssh"
              }
            ],
            [
              {
                "type": "get_attr",
                "value": "private_key_pem"
              }
            ],
            [
              {
                "type": "get_attr",
                "value": "private_key_pem_pkcs8"
              }
            ]
          ],
          "identity_schema_version": 0,
          "create_before_destroy": true
        }
      ]
    },
    {
      "module": "module.jump-server",
      "mode": "managed",
      "type": "aws_instance",
      "name": "jump_host",
      "provider": "provider[\"registry.terraform.io/hashicorp/aws\"]",
      "instances": [
        {
          "schema_version": 1,
          "attributes": {
            "ami": "ami-087d1c9a513324697",
            "arn": "arn:aws:ec2:ap-south-1:566579489861:instance/i-0ae8df67ff9e4b141",
            "associate_public_ip_address": true,
            "availability_zone": "ap-south-1a",
            "capacity_reservation_specification": [
              {
                "capacity_reservation_preference": "open",
                "capacity_reservation_target": []
              }
            ],
            "cpu_core_count": 1,
            "cpu_options": [
              {
                "amd_sev_snp": "",
                "core_count": 1,
                "threads_per_core": 1
              }
            ],
            "cpu_threads_per_core": 1,
            "credit_specification": [
              {
                "cpu_credits": "standard"
              }
            ],
            "disable_api_stop": false,
            "disable_api_termination": false,
            "ebs_block_device": [],
            "ebs_optimized": false,
            "enable_primary_ipv6": null,
            "enclave_options": [
              {
                "enabled": false
              }
            ],
            "ephemeral_block_device": [],
            "get_password_data": false,
            "hibernation": false,
            "host_id": "",
            "host_resource_group_arn": null,
            "iam_instance_profile": "",
            "id": "i-0ae8df67ff9e4b141",
            "instance_initiated_shutdown_behavior": "stop",
            "instance_lifecycle": "",
            "instance_market_options": [],
            "instance_state": "running",
            "instance_type": "t2.micro",
            "ipv6_address_count": 0,
            "ipv6_addresses": [],
            "key_name": "jumpserver-key",
            "launch_template": [],
            "maintenance_options": [
              {
                "auto_recovery": "default"
              }
            ],
            "metadata_options": [
              {
                "http_endpoint": "enabled",
                "http_protocol_ipv6": "disabled",
                "http_put_response_hop_limit": 1,
                "http_tokens": "optional",
                "instance_metadata_tags": "disabled"
              }
            ],
            "monitoring": false,
            "network_interface": [],
            "outpost_arn": "",
            "password_data": "",
            "placement_group": "",
            "placement_partition_number": 0,
            "primary_network_interface_id": "eni-0aaf8bf0d69be4fb0",
            "private_dns": "ip-10-0-1-12.ap-south-1.compute.internal",
            "private_dns_name_options": [
              {
                "enable_resource_name_dns_a_record": false,
                "enable_resource_name_dns_aaaa_record": false,
                "hostname_type": "ip-name"
              }
            ],
            "private_ip": "10.0.1.12",
            "public_dns": "",
            "public_ip": "13.232.163.107",
            "root_block_device": [
              {
                "delete_on_termination": true,
                "device_name": "/dev/sda1",
                "encrypted": false,
                "iops": 100,
                "kms_key_id": "",
                "tags": {},
                "tags_all": {},
                "throughput": 0,
                "volume_id": "vol-0202b3a5a1087160a",
                "volume_size": 8,
                "volume_type": "gp2"
              }
            ],
            "secondary_private_ips": [],
            "security_groups": [],
            "source_dest_check": true,
            "spot_instance_request_id": "",
            "subnet_id": "subnet-0aa896267977881d5",
            "tags": {
              "Name": "terra-jump-host"
            },
            "tags_all": {
              "Name": "terra-jump-host"
            },
            "tenancy": "default",
            "timeouts": null,
            "user_data": null,
            "user_data_base64": null,
            "user_data_replace_on_change": false,
            "volume_tags": null,
            "vpc_security_group_ids": [
              "sg-0486801a5bdf51d29"
            ]
          },
          "sensitive_attributes": [],
          "identity_schema_version": 0,
          "private": "eyJlMmJmYjczMC1lY2FhLTExZTYtOGY4OC0zNDM2M2JjN2M0YzAiOnsiY3JlYXRlIjo2MDAwMDAwMDAwMDAsImRlbGV0ZSI6MTIwMDAwMDAwMDAwMCwicmVhZCI6OTAwMDAwMDAwMDAwLCJ1cGRhdGUiOjYwMDAwMDAwMDAwMH0sInNjaGVtYV92ZXJzaW9uIjoiMSJ9",
          "dependencies": [
            "module.jump-server.aws_key_pair.key_pair",
            "module.jump-server.aws_security_group.jump_sg",
            "module.jump-server.tls_private_key.key",
            "module.vpc.aws_subnet.public_subnet",
            "module.vpc.aws_vpc.terra_vpc",
            "module.vpc.data.aws_availability_zones.available"
          ]
        }
      ]
    },
    {
      "module": "module.jump-server",
      "mode": "managed",
      "type": "aws_key_pair",
      "name": "key_pair",
      "provider": "provider[\"registry.terraform.io/hashicorp/aws\"]",
      "instances": [
        {
          "schema_version": 1,
          "attributes": {
            "arn": "arn:aws:ec2:ap-south-1:566579489861:key-pair/jumpserver-key",
            "fingerprint": "56:77:e3:ed:61:e3:5d:28:51:69:b2:b6:ad:83:ad:9f",
            "id": "jumpserver-key",
            "key_name": "jumpserver-key",
            "key_name_prefix": "",
            "key_pair_id": "key-0daabbc4d60794238",
            "key_type": "rsa",
            "public_key": "ssh-rsa AAAAB3NzaC1yc2EAAAADAQABAAACAQDUgJFX+Hg2mmNP9spDX8D8j21SUXBsJPZxNNzL9Ld8cwnNpnVHS3VTSqHUgD2T1HNSlH0rVPS+BGZe4jbKLOQwbcfCZMBGnVI4WprszJoaZEBQKc+IkPEmdptBJF+C+pY79Pg3+xZS5yoeLru2ADy439UNXxSeFlLQ6ambsB1zE6nsw/pyYOsdu+H6qWMqBvAl70mDZCqhAt5vyDkvp5CfMsOAsm9cTKW4ZOBr3tu/yFF0LD7E5xnriWvwFBL3zB96gfN3kj+GIcEGpP8A09aISBdA3/e6Lx5OB5rx5Uy9lnBl1Dho52qLN8tVSkf8ei1+b0G3Gy3Sm+BHCcI9PPTg5IkTqM1Q5nq/nv3SEiz0m3Vk7oSJiI3abIUbbTWox6U07Wo3dx6f62v+4FnQcxqysPiGn5g6VPnryqb36OSi1M6Ct+MX9SB5ytoUa9wJVEMK39MpSE/hhYuCUs6RIwINPsQSzbigR32Jz9FBGvwRupQTgoEnQ5AoAXivAJkFGaVR2DDlT3/gqv5i+VZ99coKwPKuEm6mE/QYbzcxc2dzm9F0YQihaUJKE40PRNx9USVjKLkT/W6taJ/HKEqP8O9eunE2w2Vn5QzCXE0m+aO8TC0+ic2sKWz+Ua/tV32usFGea8AGCxBynjz+FJK77UHln062hUYKzzfbsTTZqpACcQ==",
            "tags": {},
            "tags_all": {}
          },
          "sensitive_attributes": [],
          "identity_schema_version": 0,
          "private": "eyJzY2hlbWFfdmVyc2lvbiI6IjEifQ==",
          "dependencies": [
            "module.jump-server.tls_private_key.key"
          ]
        }
      ]
    },
    {
      "module": "module.jump-server",
      "mode": "managed",
      "type": "aws_security_group",
      "name": "jump_sg",
      "provider": "provider[\"registry.terraform.io/hashicorp/aws\"]",
      "instances": [
        {
          "schema_version": 1,
          "attributes": {
            "arn": "arn:aws:ec2:ap-south-1:566579489861:security-group/sg-0486801a5bdf51d29",
            "description": "Allow SSH from specific IP",
            "egress": [
              {
                "cidr_blocks": [
                  "0.0.0.0/0"
                ],
                "description": "",
                "from_port": 0,
                "ipv6_cidr_blocks": [],
                "prefix_list_ids": [],
                "protocol": "-1",
                "security_groups": [],
                "self": false,
                "to_port": 0
              }
            ],
            "id": "sg-0486801a5bdf51d29",
            "ingress": [
              {
                "cidr_blocks": [
                  "0.0.0.0/0"
                ],
                "description": "",
                "from_port": 22,
                "ipv6_cidr_blocks": [],
                "prefix_list_ids": [],
                "protocol": "tcp",
                "security_groups": [],
                "self": false,
                "to_port": 22
              }
            ],
            "name": "jump-sg",
            "name_prefix": "",
            "owner_id": "566579489861",
            "revoke_rules_on_delete": false,
            "tags": {},
            "tags_all": {},
            "timeouts": null,
            "vpc_id": "vpc-0a2f7c54e49b3ba15"
          },
          "sensitive_attributes": [],
          "identity_schema_version": 0,
          "private": "eyJlMmJmYjczMC1lY2FhLTExZTYtOGY4OC0zNDM2M2JjN2M0YzAiOnsiY3JlYXRlIjo2MDAwMDAwMDAwMDAsImRlbGV0ZSI6OTAwMDAwMDAwMDAwfSwic2NoZW1hX3ZlcnNpb24iOiIxIn0=",
          "dependencies": [
            "module.vpc.aws_vpc.terra_vpc"
          ]
        }
      ]
    },
    {
      "module": "module.jump-server",
      "mode": "managed",
      "type": "local_file",
      "name": "private_key",
      "provider": "provider[\"registry.terraform.io/hashicorp/local\"]",
      "instances": [
        {
          "schema_version": 0,
          "attributes": {
            "content": "-----BEGIN RSA PRIVATE KEY-----\nMIIJJwIBAAKCAgEA1ICRV/h4NppjT/bKQ1/A/I9tUlFwbCT2cTTcy/S3fHMJzaZ1\nR0t1U0qh1IA9k9RzUpR9K1T0vgRmXuI2yizkMG3HwmTARp1SOFqa7MyaGmRAUCnP\niJDxJnabQSRfgvqWO/T4N/sWUucqHi67tgA8uN/VDV8UnhZS0Ompm7AdcxOp7MP6\ncmDrHbvh+qljKgbwJe9Jg2QqoQLeb8g5L6eQnzLDgLJvXEyluGTga97bv8hRdCw+\nxOcZ64lr8BQS98wfeoHzd5I/hiHBBqT/ANPWiEgXQN/3ui8eTgea8eVMvZZwZdQ4\naOdqizfLVUpH/Hotfm9Btxst0pvgRwnCPTz04OSJE6jNUOZ6v5790hIs9Jt1ZO6E\niYiN2myFG201qMelNO1qN3cen+tr/uBZ0HMasrD4hp+YOlT568qm9+jkotTOgrfj\nF/UgecraFGvcCVRDCt/TKUhP4YWLglLOkSMCDT7EEs24oEd9ic/RQRr8EbqUE4KB\nJ0OQKAF4rwCZBRmlUdgw5U9/4Kr+YvlWffXKCsDyrhJuphP0GG83MXNnc5vRdGEI\noWlCShOND0TcfVElYyi5E/1urWifxyhKj/DvXrpxNsNlZ+UMwlxNJvmjvEwtPonN\nrCls/lGv7Vd9rrBRnmvABgsQcp48/hSSu+1B5Z9OtoVGCs8327E02aqQAnECAwEA\nAQKCAf9tvF1SEGQDzoMULpCrBvrVCzwCrNhhZrUQJzxEfRsQj4qzqEIbKKk6jRye\nbM4siO/Rgg/uHVd4yMzhZfAYd3ySUoUI3cs53zcv4s1Re4oY46xShhGl2s0TqV9Q\nEUVBXiY20Bb4BOTot6puuIA24rVFj+qoyddCMkT4ahgsGpMaptmy0Rsdj1V0nvfg\nRmWItNlOvalr/U4GPg6gEV8QPN4+8V5qfbqdvCo+dQyip9mfyZ8TXvkLG+YTiLBn\n44+BmoENXA4rF44cth5eUAlfZAWYWtVA3meovd+CBZ6XsmtVFcFboTvmigEUsFTp\n6aVC726O3Bh53I8zmbGeMNJQzVzZ1A4Hn+0vrY4ldEACA/hzIaaKNUAtlU7Pt05g\nYXF14Vjy7Ac2BnDJhjY/pEOtqK6uu4n2RweAZzOlhy2OnevZyjsp/rwkU13I43KU\n4tcJch7B26SwxJ2ampKFFUTtTvmGkfqUgQTnmMDPpe72+JXGeNbN5lVET6nF7dL8\ncwCGzz/06hUrQ32Dn1+MAPP0TGdJOkDf3ecxhIzLhQgszK4TpkwoVN9B4uMgqYFp\nYFpTx8VXQkms7slcrt9jwsQQ6pjzZiyZl10PbZGMfT5gtqcvkRcpiiavInEMsqOT\nJLmB0l9tXLt+iAFxqQtdhQu0NcFaO3aizJHxiWDp+iYC+5TxAoIBAQD/s53YSYz8\nl5khU5UhRGOaGi+0VvU3gen7i3jxdSVm8WHKJPLQ74HQO7spzmuT5/z5dYwMXB0F\n1apntxn8a1/FdU90nClRRTxFjlEB5wV4f95VTejIpNs7hbCNcH2kBaofb1+LTF+X\npjJBqjNkLRJskm/zsJPwhnaXQ3/JnkrfklXwpvZ83QCsp45mK4h84HA1QM3NM3lj\npwViLjK0+AYM2+U051po1FZczAwpjwUHwS1YzetAIhRgWkbqL5mmP0F6mkjHzDjc\nxBj3MvBJ5AHLoU4VuiN1Lf8mmeFtuY8EOosXaH+UyVSq28wIkobBmP/67+DW1qHX\neG7Bh/pVpeMFAoIBAQDUwAvuCJXRNsIqBFtpAsakNkbt5lg4exo4+jroivy/ktkz\nMaVeb2JWcigckiIE12waOsJi1xJm9CKKAYR4ImCqfngmbQJGTzbUoNT4cFKzLg+J\nW4YwdHiArUcDWvVUkvpF25L0MPrxkZ1D5lnO6vx7rdYGONJeBH6x3KiurO220+u1\nHVRlsT9vpYKDe5jPXEWrLsYWzK4A96bckkzqeuYkgPh1qHa4HPsrpuu15qMEppb2\n+scaIQmZcFly3PF8I2Wt+cmk6mpN8MqXE+MdSvYbUNIvsYDK2lTgjfdrtCWV3BzA\nFlnM1naDR/jME4bIAtJNMvBIkNQKfRnBFE0RidV9AoIBACKPinQjbNTvQJlKjMuU\nTMoVZAFCB57bBl8jeNNZ/BYv5gHGgLNQzADzMdbyuYOiRYUKKEW7ZYjWWlPuYarG\ncIll07l1Kfh8HSthkv1o1kp1Lf3lq+MCtUcUSMq1O6Yhxd691PIk/n6mzgAmGxAd\nL3JRUKRlZ3mJExpa2zjLFl+ljcwbJRG3ZVHwy8RveeE3DLOF8Msde/jGKGoeyGfB\nZj/ysMY3xvaITKv6QGKVnB5yM8je/D8M3Cgxy4f3qxLXVehWViP7LGxabO1siyHR\nmZSGVuGE6Sn7b5MuFVQZUoVFzGr7itL3a2Q0lR1LgL9GCMNIDOG83N8cvguWb3WI\nGGkCggEAaRGHUsEurCos7e9E7bGPRJ4BnY/61boGE0mROjMZ68qsNdo431CG8kZi\nhOmun1F8c9+9DG9HCU1cmWdycpoXv1vCHsgLLYoFfDEJvMBMN21yAtYOiXOb54Cr\n535OVrxXmZR9GNfvtsnBLz1d8RCgLLyHTH9XdVMm9tQRAmMo6vfyGnonqilFOPA2\napTpvM7HIWlyLuRasuObpqciEVMswa5oBkNyji7R5JcFJcqHi85yE/t5xO+3++0+\nX7m6ESKyHp+T9DxIz8ExbDdIHLlendLmWuOAxa3Z6SRzot9PCJmyITNomf74fJFY\n0AB8ud6a2cFkZZIRBjUOOQq7nQPDSQKCAQEA2ssg4A82p5jw/stR9uC1N/6tllt3\npRbTOYGtekAyW/agxEX1W4hqhbiHiYF0AGBKOAzFlcjgbR+ltRprVHurOrsVxMVD\nyHroK4FmzwcFAOOA/I/OJ8CmJJfr9F96Co2C6cYnl7OEUZt3/T6nPfHxAs3C0utI\nCfy8OaRgeiLgLU6afqYsJptfspBeATGfS0V0FB3we90+Hpw7erXDlqOvv9f4C8oF\ne/A7p/bjEqIQAS6Q6c2xys1UxGzlU2B+Qxu9his/h7EjLJBhb0Ig6LbOtwcT1zyt\nqPiLB+vwcNU5lOSNYTXzibs8eJwh9H3zZdFSA92kMr2NC5omj8ICFkv8qg==\n-----END RSA PRIVATE KEY-----\n",
            "content_base64": null,
            "content_base64sha256": "leNZBXZJOFSeZqZ8w0BSeDbfuw/lmOTNys5dYRQAv/4=",
            "content_base64sha512": "sHQs7wRE3dORIJCpKPJuoEfqEIEXmgrH5+OEPrGDtJ7YChAKhwzdJXsMHhbfNPR759Cy46tyWlp+WWr9Plfkew==",
            "content_md5": "bd29c9a9c25d8e0d036d1cbb3d2a2c3a",
            "content_sha1": "78dd38cd7c921d6372b2f717fb029809a219be6c",
            "content_sha256": "95e35905764938549e66a67cc340527836dfbb0fe598e4cdcace5d611400bffe",
            "content_sha512": "b0742cef0444ddd3912090a928f26ea047ea1081179a0ac7e7e3843eb183b49ed80a100a870cdd257b0c1e16df34f47be7d0b2e3ab725a5a7e596afd3e57e47b",
            "directory_permission": "0777",
            "file_permission": "0600",
            "filename": "modules/jump-host/jump-key.pem",
            "id": "78dd38cd7c921d6372b2f717fb029809a219be6c",
            "sensitive_content": null,
            "source": null
          },
          "sensitive_attributes": [
            [
              {
                "type": "get_attr",
                "value": "content"
              }
            ],
            [
              {
                "type": "get_attr",
                "value": "sensitive_content"
              }
            ]
          ],
          "identity_schema_version": 0,
          "dependencies": [
            "module.jump-server.tls_private_key.key"
          ]
        }
      ]
    },
    {
      "module": "module.jump-server",
      "mode": "managed",
      "type": "tls_private_key",
      "name": "key",
      "provider": "provider[\"registry.terraform.io/hashicorp/tls\"]",
      "instances": [
        {
          "schema_version": 1,
          "attributes": {
            "algorithm": "RSA",
            "ecdsa_curve": "P224",
            "id": "bd98da1e3fc4111380f3cf783695a8eb3b3152cf",
            "private_key_openssh": "-----BEGIN OPENSSH PRIVATE KEY-----\nb3BlbnNzaC1rZXktdjEAAAAABG5vbmUAAAAEbm9uZQAAAAAAAAABAAACFwAAAAdz\nc2gtcnNhAAAAAwEAAQAAAgEA1ICRV/h4NppjT/bKQ1/A/I9tUlFwbCT2cTTcy/S3\nfHMJzaZ1R0t1U0qh1IA9k9RzUpR9K1T0vgRmXuI2yizkMG3HwmTARp1SOFqa7Mya\nGmRAUCnPiJDxJnabQSRfgvqWO/T4N/sWUucqHi67tgA8uN/VDV8UnhZS0Ompm7Ad\ncxOp7MP6cmDrHbvh+qljKgbwJe9Jg2QqoQLeb8g5L6eQnzLDgLJvXEyluGTga97b\nv8hRdCw+xOcZ64lr8BQS98wfeoHzd5I/hiHBBqT/ANPWiEgXQN/3ui8eTgea8eVM\nvZZwZdQ4aOdqizfLVUpH/Hotfm9Btxst0pvgRwnCPTz04OSJE6jNUOZ6v5790hIs\n9Jt1ZO6EiYiN2myFG201qMelNO1qN3cen+tr/uBZ0HMasrD4hp+YOlT568qm9+jk\notTOgrfjF/UgecraFGvcCVRDCt/TKUhP4YWLglLOkSMCDT7EEs24oEd9ic/RQRr8\nEbqUE4KBJ0OQKAF4rwCZBRmlUdgw5U9/4Kr+YvlWffXKCsDyrhJuphP0GG83MXNn\nc5vRdGEIoWlCShOND0TcfVElYyi5E/1urWifxyhKj/DvXrpxNsNlZ+UMwlxNJvmj\nvEwtPonNrCls/lGv7Vd9rrBRnmvABgsQcp48/hSSu+1B5Z9OtoVGCs8327E02aqQ\nAnEAAAc4zMKNMszCjTIAAAAHc3NoLXJzYQAAAgEA1ICRV/h4NppjT/bKQ1/A/I9t\nUlFwbCT2cTTcy/S3fHMJzaZ1R0t1U0qh1IA9k9RzUpR9K1T0vgRmXuI2yizkMG3H\nwmTARp1SOFqa7MyaGmRAUCnPiJDxJnabQSRfgvqWO/T4N/sWUucqHi67tgA8uN/V\nDV8UnhZS0Ompm7AdcxOp7MP6cmDrHbvh+qljKgbwJe9Jg2QqoQLeb8g5L6eQnzLD\ngLJvXEyluGTga97bv8hRdCw+xOcZ64lr8BQS98wfeoHzd5I/hiHBBqT/ANPWiEgX\nQN/3ui8eTgea8eVMvZZwZdQ4aOdqizfLVUpH/Hotfm9Btxst0pvgRwnCPTz04OSJ\nE6jNUOZ6v5790hIs9Jt1ZO6EiYiN2myFG201qMelNO1qN3cen+tr/uBZ0HMasrD4\nhp+YOlT568qm9+jkotTOgrfjF/UgecraFGvcCVRDCt/TKUhP4YWLglLOkSMCDT7E\nEs24oEd9ic/RQRr8EbqUE4KBJ0OQKAF4rwCZBRmlUdgw5U9/4Kr+YvlWffXKCsDy\nrhJuphP0GG83MXNnc5vRdGEIoWlCShOND0TcfVElYyi5E/1urWifxyhKj/DvXrpx\nNsNlZ+UMwlxNJvmjvEwtPonNrCls/lGv7Vd9rrBRnmvABgsQcp48/hSSu+1B5Z9O\ntoVGCs8327E02aqQAnEAAAADAQABAAAB/228XVIQZAPOgxQukKsG+tULPAKs2GFm\ntRAnPER9GxCPirOoQhsoqTqNHJ5sziyI79GCD+4dV3jIzOFl8Bh3fJJShQjdyznf\nNy/izVF7ihjjrFKGEaXazROpX1ARRUFeJjbQFvgE5Oi3qm64gDbitUWP6qjJ10Iy\nRPhqGCwakxqm2bLRGx2PVXSe9+BGZYi02U69qWv9TgY+DqARXxA83j7xXmp9up28\nKj51DKKn2Z/JnxNe+Qsb5hOIsGfjj4GagQ1cDisXjhy2Hl5QCV9kBZha1UDeZ6i9\n34IFnpeya1UVwVuhO+aKARSwVOnppULvbo7cGHncjzOZsZ4w0lDNXNnUDgef7S+t\njiV0QAID+HMhpoo1QC2VTs+3TmBhcXXhWPLsBzYGcMmGNj+kQ62orq67ifZHB4Bn\nM6WHLY6d69nKOyn+vCRTXcjjcpTi1wlyHsHbpLDEnZqakoUVRO1O+YaR+pSBBOeY\nwM+l7vb4lcZ41s3mVURPqcXt0vxzAIbPP/TqFStDfYOfX4wA8/RMZ0k6QN/d5zGE\njMuFCCzMrhOmTChU30Hi4yCpgWlgWlPHxVdCSazuyVyu32PCxBDqmPNmLJmXXQ9t\nkYx9PmC2py+RFymKJq8icQyyo5MkuYHSX21cu36IAXGpC12FC7Q1wVo7dqLMkfGJ\nYOn6JgL7lPEAAAEBANrLIOAPNqeY8P7LUfbgtTf+rZZbd6UW0zmBrXpAMlv2oMRF\n9VuIaoW4h4mBdABgSjgMxZXI4G0fpbUaa1R7qzq7FcTFQ8h66CuBZs8HBQDjgPyP\nzifApiSX6/RfegqNgunGJ5ezhFGbd/0+pz3x8QLNwtLrSAn8vDmkYHoi4C1Omn6m\nLCabX7KQXgExn0tFdBQd8HvdPh6cO3q1w5ajr7/X+AvKBXvwO6f24xKiEAEukOnN\nscrNVMRs5VNgfkMbvYYrP4exIyyQYW9CIOi2zrcHE9c8raj4iwfr8HDVOZTkjWE1\n84m7PHicIfR982XRUgPdpDK9jQuaJo/CAhZL/KoAAAEBAP+zndhJjPyXmSFTlSFE\nY5oaL7RW9TeB6fuLePF1JWbxYcok8tDvgdA7uynOa5Pn/Pl1jAxcHQXVqme3Gfxr\nX8V1T3ScKVFFPEWOUQHnBXh/3lVN6Mik2zuFsI1wfaQFqh9vX4tMX5emMkGqM2Qt\nEmySb/Owk/CGdpdDf8meSt+SVfCm9nzdAKynjmYriHzgcDVAzc0zeWOnBWIuMrT4\nBgzb5TTnWmjUVlzMDCmPBQfBLVjN60AiFGBaRuovmaY/QXqaSMfMONzEGPcy8Enk\nAcuhThW6I3Ut/yaZ4W25jwQ6ixdof5TJVKrbzAiShsGY//rv4NbWodd4bsGH+lWl\n4wUAAAEBANTAC+4IldE2wioEW2kCxqQ2Ru3mWDh7Gjj6OuiK/L+S2TMxpV5vYlZy\nKBySIgTXbBo6wmLXEmb0IooBhHgiYKp+eCZtAkZPNtSg1PhwUrMuD4lbhjB0eICt\nRwNa9VSS+kXbkvQw+vGRnUPmWc7q/Hut1gY40l4EfrHcqK6s7bbT67UdVGWxP2+l\ngoN7mM9cRasuxhbMrgD3ptySTOp65iSA+HWodrgc+yum67XmowSmlvb6xxohCZlw\nWXLc8XwjZa35yaTqak3wypcT4x1K9htQ0i+xgMraVOCN92u0JZXcHMAWWczWdoNH\n+MwThsgC0k0y8EiQ1Ap9GcEUTRGJ1X0AAAAAAQID\n-----END OPENSSH PRIVATE KEY-----\n",
            "private_key_pem": "-----BEGIN RSA PRIVATE KEY-----\nMIIJJwIBAAKCAgEA1ICRV/h4NppjT/bKQ1/A/I9tUlFwbCT2cTTcy/S3fHMJzaZ1\nR0t1U0qh1IA9k9RzUpR9K1T0vgRmXuI2yizkMG3HwmTARp1SOFqa7MyaGmRAUCnP\niJDxJnabQSRfgvqWO/T4N/sWUucqHi67tgA8uN/VDV8UnhZS0Ompm7AdcxOp7MP6\ncmDrHbvh+qljKgbwJe9Jg2QqoQLeb8g5L6eQnzLDgLJvXEyluGTga97bv8hRdCw+\nxOcZ64lr8BQS98wfeoHzd5I/hiHBBqT/ANPWiEgXQN/3ui8eTgea8eVMvZZwZdQ4\naOdqizfLVUpH/Hotfm9Btxst0pvgRwnCPTz04OSJE6jNUOZ6v5790hIs9Jt1ZO6E\niYiN2myFG201qMelNO1qN3cen+tr/uBZ0HMasrD4hp+YOlT568qm9+jkotTOgrfj\nF/UgecraFGvcCVRDCt/TKUhP4YWLglLOkSMCDT7EEs24oEd9ic/RQRr8EbqUE4KB\nJ0OQKAF4rwCZBRmlUdgw5U9/4Kr+YvlWffXKCsDyrhJuphP0GG83MXNnc5vRdGEI\noWlCShOND0TcfVElYyi5E/1urWifxyhKj/DvXrpxNsNlZ+UMwlxNJvmjvEwtPonN\nrCls/lGv7Vd9rrBRnmvABgsQcp48/hSSu+1B5Z9OtoVGCs8327E02aqQAnECAwEA\nAQKCAf9tvF1SEGQDzoMULpCrBvrVCzwCrNhhZrUQJzxEfRsQj4qzqEIbKKk6jRye\nbM4siO/Rgg/uHVd4yMzhZfAYd3ySUoUI3cs53zcv4s1Re4oY46xShhGl2s0TqV9Q\nEUVBXiY20Bb4BOTot6puuIA24rVFj+qoyddCMkT4ahgsGpMaptmy0Rsdj1V0nvfg\nRmWItNlOvalr/U4GPg6gEV8QPN4+8V5qfbqdvCo+dQyip9mfyZ8TXvkLG+YTiLBn\n44+BmoENXA4rF44cth5eUAlfZAWYWtVA3meovd+CBZ6XsmtVFcFboTvmigEUsFTp\n6aVC726O3Bh53I8zmbGeMNJQzVzZ1A4Hn+0vrY4ldEACA/hzIaaKNUAtlU7Pt05g\nYXF14Vjy7Ac2BnDJhjY/pEOtqK6uu4n2RweAZzOlhy2OnevZyjsp/rwkU13I43KU\n4tcJch7B26SwxJ2ampKFFUTtTvmGkfqUgQTnmMDPpe72+JXGeNbN5lVET6nF7dL8\ncwCGzz/06hUrQ32Dn1+MAPP0TGdJOkDf3ecxhIzLhQgszK4TpkwoVN9B4uMgqYFp\nYFpTx8VXQkms7slcrt9jwsQQ6pjzZiyZl10PbZGMfT5gtqcvkRcpiiavInEMsqOT\nJLmB0l9tXLt+iAFxqQtdhQu0NcFaO3aizJHxiWDp+iYC+5TxAoIBAQD/s53YSYz8\nl5khU5UhRGOaGi+0VvU3gen7i3jxdSVm8WHKJPLQ74HQO7spzmuT5/z5dYwMXB0F\n1apntxn8a1/FdU90nClRRTxFjlEB5wV4f95VTejIpNs7hbCNcH2kBaofb1+LTF+X\npjJBqjNkLRJskm/zsJPwhnaXQ3/JnkrfklXwpvZ83QCsp45mK4h84HA1QM3NM3lj\npwViLjK0+AYM2+U051po1FZczAwpjwUHwS1YzetAIhRgWkbqL5mmP0F6mkjHzDjc\nxBj3MvBJ5AHLoU4VuiN1Lf8mmeFtuY8EOosXaH+UyVSq28wIkobBmP/67+DW1qHX\neG7Bh/pVpeMFAoIBAQDUwAvuCJXRNsIqBFtpAsakNkbt5lg4exo4+jroivy/ktkz\nMaVeb2JWcigckiIE12waOsJi1xJm9CKKAYR4ImCqfngmbQJGTzbUoNT4cFKzLg+J\nW4YwdHiArUcDWvVUkvpF25L0MPrxkZ1D5lnO6vx7rdYGONJeBH6x3KiurO220+u1\nHVRlsT9vpYKDe5jPXEWrLsYWzK4A96bckkzqeuYkgPh1qHa4HPsrpuu15qMEppb2\n+scaIQmZcFly3PF8I2Wt+cmk6mpN8MqXE+MdSvYbUNIvsYDK2lTgjfdrtCWV3BzA\nFlnM1naDR/jME4bIAtJNMvBIkNQKfRnBFE0RidV9AoIBACKPinQjbNTvQJlKjMuU\nTMoVZAFCB57bBl8jeNNZ/BYv5gHGgLNQzADzMdbyuYOiRYUKKEW7ZYjWWlPuYarG\ncIll07l1Kfh8HSthkv1o1kp1Lf3lq+MCtUcUSMq1O6Yhxd691PIk/n6mzgAmGxAd\nL3JRUKRlZ3mJExpa2zjLFl+ljcwbJRG3ZVHwy8RveeE3DLOF8Msde/jGKGoeyGfB\nZj/ysMY3xvaITKv6QGKVnB5yM8je/D8M3Cgxy4f3qxLXVehWViP7LGxabO1siyHR\nmZSGVuGE6Sn7b5MuFVQZUoVFzGr7itL3a2Q0lR1LgL9GCMNIDOG83N8cvguWb3WI\nGGkCggEAaRGHUsEurCos7e9E7bGPRJ4BnY/61boGE0mROjMZ68qsNdo431CG8kZi\nhOmun1F8c9+9DG9HCU1cmWdycpoXv1vCHsgLLYoFfDEJvMBMN21yAtYOiXOb54Cr\n535OVrxXmZR9GNfvtsnBLz1d8RCgLLyHTH9XdVMm9tQRAmMo6vfyGnonqilFOPA2\napTpvM7HIWlyLuRasuObpqciEVMswa5oBkNyji7R5JcFJcqHi85yE/t5xO+3++0+\nX7m6ESKyHp+T9DxIz8ExbDdIHLlendLmWuOAxa3Z6SRzot9PCJmyITNomf74fJFY\n0AB8ud6a2cFkZZIRBjUOOQq7nQPDSQKCAQEA2ssg4A82p5jw/stR9uC1N/6tllt3\npRbTOYGtekAyW/agxEX1W4hqhbiHiYF0AGBKOAzFlcjgbR+ltRprVHurOrsVxMVD\nyHroK4FmzwcFAOOA/I/OJ8CmJJfr9F96Co2C6cYnl7OEUZt3/T6nPfHxAs3C0utI\nCfy8OaRgeiLgLU6afqYsJptfspBeATGfS0V0FB3we90+Hpw7erXDlqOvv9f4C8oF\ne/A7p/bjEqIQAS6Q6c2xys1UxGzlU2B+Qxu9his/h7EjLJBhb0Ig6LbOtwcT1zyt\nqPiLB+vwcNU5lOSNYTXzibs8eJwh9H3zZdFSA92kMr2NC5omj8ICFkv8qg==\n-----END RSA PRIVATE KEY-----\n",
            "private_key_pem_pkcs8": "-----BEGIN PRIVATE KEY-----\nMIIJQQIBADANBgkqhkiG9w0BAQEFAASCCSswggknAgEAAoICAQDUgJFX+Hg2mmNP\n9spDX8D8j21SUXBsJPZxNNzL9Ld8cwnNpnVHS3VTSqHUgD2T1HNSlH0rVPS+BGZe\n4jbKLOQwbcfCZMBGnVI4WprszJoaZEBQKc+IkPEmdptBJF+C+pY79Pg3+xZS5yoe\nLru2ADy439UNXxSeFlLQ6ambsB1zE6nsw/pyYOsdu+H6qWMqBvAl70mDZCqhAt5v\nyDkvp5CfMsOAsm9cTKW4ZOBr3tu/yFF0LD7E5xnriWvwFBL3zB96gfN3kj+GIcEG\npP8A09aISBdA3/e6Lx5OB5rx5Uy9lnBl1Dho52qLN8tVSkf8ei1+b0G3Gy3Sm+BH\nCcI9PPTg5IkTqM1Q5nq/nv3SEiz0m3Vk7oSJiI3abIUbbTWox6U07Wo3dx6f62v+\n4FnQcxqysPiGn5g6VPnryqb36OSi1M6Ct+MX9SB5ytoUa9wJVEMK39MpSE/hhYuC\nUs6RIwINPsQSzbigR32Jz9FBGvwRupQTgoEnQ5AoAXivAJkFGaVR2DDlT3/gqv5i\n+VZ99coKwPKuEm6mE/QYbzcxc2dzm9F0YQihaUJKE40PRNx9USVjKLkT/W6taJ/H\nKEqP8O9eunE2w2Vn5QzCXE0m+aO8TC0+ic2sKWz+Ua/tV32usFGea8AGCxBynjz+\nFJK77UHln062hUYKzzfbsTTZqpACcQIDAQABAoIB/228XVIQZAPOgxQukKsG+tUL\nPAKs2GFmtRAnPER9GxCPirOoQhsoqTqNHJ5sziyI79GCD+4dV3jIzOFl8Bh3fJJS\nhQjdyznfNy/izVF7ihjjrFKGEaXazROpX1ARRUFeJjbQFvgE5Oi3qm64gDbitUWP\n6qjJ10IyRPhqGCwakxqm2bLRGx2PVXSe9+BGZYi02U69qWv9TgY+DqARXxA83j7x\nXmp9up28Kj51DKKn2Z/JnxNe+Qsb5hOIsGfjj4GagQ1cDisXjhy2Hl5QCV9kBZha\n1UDeZ6i934IFnpeya1UVwVuhO+aKARSwVOnppULvbo7cGHncjzOZsZ4w0lDNXNnU\nDgef7S+tjiV0QAID+HMhpoo1QC2VTs+3TmBhcXXhWPLsBzYGcMmGNj+kQ62orq67\nifZHB4BnM6WHLY6d69nKOyn+vCRTXcjjcpTi1wlyHsHbpLDEnZqakoUVRO1O+YaR\n+pSBBOeYwM+l7vb4lcZ41s3mVURPqcXt0vxzAIbPP/TqFStDfYOfX4wA8/RMZ0k6\nQN/d5zGEjMuFCCzMrhOmTChU30Hi4yCpgWlgWlPHxVdCSazuyVyu32PCxBDqmPNm\nLJmXXQ9tkYx9PmC2py+RFymKJq8icQyyo5MkuYHSX21cu36IAXGpC12FC7Q1wVo7\ndqLMkfGJYOn6JgL7lPECggEBAP+zndhJjPyXmSFTlSFEY5oaL7RW9TeB6fuLePF1\nJWbxYcok8tDvgdA7uynOa5Pn/Pl1jAxcHQXVqme3GfxrX8V1T3ScKVFFPEWOUQHn\nBXh/3lVN6Mik2zuFsI1wfaQFqh9vX4tMX5emMkGqM2QtEmySb/Owk/CGdpdDf8me\nSt+SVfCm9nzdAKynjmYriHzgcDVAzc0zeWOnBWIuMrT4Bgzb5TTnWmjUVlzMDCmP\nBQfBLVjN60AiFGBaRuovmaY/QXqaSMfMONzEGPcy8EnkAcuhThW6I3Ut/yaZ4W25\njwQ6ixdof5TJVKrbzAiShsGY//rv4NbWodd4bsGH+lWl4wUCggEBANTAC+4IldE2\nwioEW2kCxqQ2Ru3mWDh7Gjj6OuiK/L+S2TMxpV5vYlZyKBySIgTXbBo6wmLXEmb0\nIooBhHgiYKp+eCZtAkZPNtSg1PhwUrMuD4lbhjB0eICtRwNa9VSS+kXbkvQw+vGR\nnUPmWc7q/Hut1gY40l4EfrHcqK6s7bbT67UdVGWxP2+lgoN7mM9cRasuxhbMrgD3\nptySTOp65iSA+HWodrgc+yum67XmowSmlvb6xxohCZlwWXLc8XwjZa35yaTqak3w\nypcT4x1K9htQ0i+xgMraVOCN92u0JZXcHMAWWczWdoNH+MwThsgC0k0y8EiQ1Ap9\nGcEUTRGJ1X0CggEAIo+KdCNs1O9AmUqMy5RMyhVkAUIHntsGXyN401n8Fi/mAcaA\ns1DMAPMx1vK5g6JFhQooRbtliNZaU+5hqsZwiWXTuXUp+HwdK2GS/WjWSnUt/eWr\n4wK1RxRIyrU7piHF3r3U8iT+fqbOACYbEB0vclFQpGVneYkTGlrbOMsWX6WNzBsl\nEbdlUfDLxG954TcMs4Xwyx17+MYoah7IZ8FmP/KwxjfG9ohMq/pAYpWcHnIzyN78\nPwzcKDHLh/erEtdV6FZWI/ssbFps7WyLIdGZlIZW4YTpKftvky4VVBlShUXMavuK\n0vdrZDSVHUuAv0YIw0gM4bzc3xy+C5ZvdYgYaQKCAQBpEYdSwS6sKizt70TtsY9E\nngGdj/rVugYTSZE6Mxnryqw12jjfUIbyRmKE6a6fUXxz370Mb0cJTVyZZ3Jymhe/\nW8IeyAstigV8MQm8wEw3bXIC1g6Jc5vngKvnfk5WvFeZlH0Y1++2ycEvPV3xEKAs\nvIdMf1d1Uyb21BECYyjq9/IaeieqKUU48DZqlOm8zschaXIu5Fqy45umpyIRUyzB\nrmgGQ3KOLtHklwUlyoeLznIT+3nE77f77T5fuboRIrIen5P0PEjPwTFsN0gcuV6d\n0uZa44DFrdnpJHOi308ImbIhM2iZ/vh8kVjQAHy53prZwWRlkhEGNQ45CrudA8NJ\nAoIBAQDayyDgDzanmPD+y1H24LU3/q2WW3elFtM5ga16QDJb9qDERfVbiGqFuIeJ\ngXQAYEo4DMWVyOBtH6W1GmtUe6s6uxXExUPIeugrgWbPBwUA44D8j84nwKYkl+v0\nX3oKjYLpxieXs4RRm3f9Pqc98fECzcLS60gJ/Lw5pGB6IuAtTpp+piwmm1+ykF4B\nMZ9LRXQUHfB73T4enDt6tcOWo6+/1/gLygV78Dun9uMSohABLpDpzbHKzVTEbOVT\nYH5DG72GKz+HsSMskGFvQiDots63BxPXPK2o+IsH6/Bw1TmU5I1hNfOJuzx4nCH0\nffNl0VID3aQyvY0LmiaPwgIWS/yq\n-----END PRIVATE KEY-----\n",
            "public_key_fingerprint_md5": "65:02:d9:61:5f:6a:d4:11:3e:fe:32:c5:83:6d:ad:86",
            "public_key_fingerprint_sha256": "SHA256:qt1zQrq+EyOKffJeVX2gzx6N//gnuctWogohIrGvgF0",
            "public_key_openssh": "ssh-rsa AAAAB3NzaC1yc2EAAAADAQABAAACAQDUgJFX+Hg2mmNP9spDX8D8j21SUXBsJPZxNNzL9Ld8cwnNpnVHS3VTSqHUgD2T1HNSlH0rVPS+BGZe4jbKLOQwbcfCZMBGnVI4WprszJoaZEBQKc+IkPEmdptBJF+C+pY79Pg3+xZS5yoeLru2ADy439UNXxSeFlLQ6ambsB1zE6nsw/pyYOsdu+H6qWMqBvAl70mDZCqhAt5vyDkvp5CfMsOAsm9cTKW4ZOBr3tu/yFF0LD7E5xnriWvwFBL3zB96gfN3kj+GIcEGpP8A09aISBdA3/e6Lx5OB5rx5Uy9lnBl1Dho52qLN8tVSkf8ei1+b0G3Gy3Sm+BHCcI9PPTg5IkTqM1Q5nq/nv3SEiz0m3Vk7oSJiI3abIUbbTWox6U07Wo3dx6f62v+4FnQcxqysPiGn5g6VPnryqb36OSi1M6Ct+MX9SB5ytoUa9wJVEMK39MpSE/hhYuCUs6RIwINPsQSzbigR32Jz9FBGvwRupQTgoEnQ5AoAXivAJkFGaVR2DDlT3/gqv5i+VZ99coKwPKuEm6mE/QYbzcxc2dzm9F0YQihaUJKE40PRNx9USVjKLkT/W6taJ/HKEqP8O9eunE2w2Vn5QzCXE0m+aO8TC0+ic2sKWz+Ua/tV32usFGea8AGCxBynjz+FJK77UHln062hUYKzzfbsTTZqpACcQ==\n",
            "public_key_pem": "-----BEGIN PUBLIC KEY-----\nMIICIjANBgkqhkiG9w0BAQEFAAOCAg8AMIICCgKCAgEA1ICRV/h4NppjT/bKQ1/A\n/I9tUlFwbCT2cTTcy/S3fHMJzaZ1R0t1U0qh1IA9k9RzUpR9K1T0vgRmXuI2yizk\nMG3HwmTARp1SOFqa7MyaGmRAUCnPiJDxJnabQSRfgvqWO/T4N/sWUucqHi67tgA8\nuN/VDV8UnhZS0Ompm7AdcxOp7MP6cmDrHbvh+qljKgbwJe9Jg2QqoQLeb8g5L6eQ\nnzLDgLJvXEyluGTga97bv8hRdCw+xOcZ64lr8BQS98wfeoHzd5I/hiHBBqT/ANPW\niEgXQN/3ui8eTgea8eVMvZZwZdQ4aOdqizfLVUpH/Hotfm9Btxst0pvgRwnCPTz0\n4OSJE6jNUOZ6v5790hIs9Jt1ZO6EiYiN2myFG201qMelNO1qN3cen+tr/uBZ0HMa\nsrD4hp+YOlT568qm9+jkotTOgrfjF/UgecraFGvcCVRDCt/TKUhP4YWLglLOkSMC\nDT7EEs24oEd9ic/RQRr8EbqUE4KBJ0OQKAF4rwCZBRmlUdgw5U9/4Kr+YvlWffXK\nCsDyrhJuphP0GG83MXNnc5vRdGEIoWlCShOND0TcfVElYyi5E/1urWifxyhKj/Dv\nXrpxNsNlZ+UMwlxNJvmjvEwtPonNrCls/lGv7Vd9rrBRnmvABgsQcp48/hSSu+1B\n5Z9OtoVGCs8327E02aqQAnECAwEAAQ==\n-----END PUBLIC KEY-----\n",
            "rsa_bits": 4096
          },
          "sensitive_attributes": [
            [
              {
                "type": "get_attr",
                "value": "private_key_openssh"
              }
            ],
            [
              {
                "type": "get_attr",
                "value": "private_key_pem"
              }
            ],
            [
              {
                "type": "get_attr",
                "value": "private_key_pem_pkcs8"
              }
            ]
          ],
          "identity_schema_version": 0
        }
      ]
    },
    {
      "module": "module.vpc",
      "mode": "data",
      "type": "aws_availability_zones",
      "name": "available",
      "provider": "provider[\"registry.terraform.io/hashicorp/aws\"]",
      "instances": [
        {
          "schema_version": 0,
          "attributes": {
            "all_availability_zones": null,
            "exclude_names": null,
            "exclude_zone_ids": null,
            "filter": null,
            "group_names": [
              "ap-south-1-zg-1"
            ],
            "id": "ap-south-1",
            "names": [
              "ap-south-1a",
              "ap-south-1b",
              "ap-south-1c"
            ],
            "state": "available",
            "timeouts": null,
            "zone_ids": [
              "aps1-az1",
              "aps1-az3",
              "aps1-az2"
            ]
          },
          "sensitive_attributes": [],
          "identity_schema_version": 0
        }
      ]
    },
    {
      "module": "module.vpc",
      "mode": "managed",
      "type": "aws_eip",
      "name": "eip",
      "provider": "provider[\"registry.terraform.io/hashicorp/aws\"]",
      "instances": [
        {
          "schema_version": 0,
          "attributes": {
            "address": null,
            "allocation_id": "eipalloc-0054ea83ba4ea5a00",
            "arn": "arn:aws:ec2:ap-south-1:566579489861:elastic-ip/eipalloc-0054ea83ba4ea5a00",
            "associate_with_private_ip": null,
            "association_id": "eipassoc-0d47b072edb6332a5",
            "carrier_ip": "",
            "customer_owned_ip": "",
            "customer_owned_ipv4_pool": "",
            "domain": "vpc",
            "id": "eipalloc-0054ea83ba4ea5a00",
            "instance": "",
            "ipam_pool_id": null,
            "network_border_group": "ap-south-1",
            "network_interface": "eni-0ea7b0084b704b372",
            "private_dns": "ip-10-0-1-123.ap-south-1.compute.internal",
            "private_ip": "10.0.1.123",
            "ptr_record": "",
            "public_dns": "ec2-13-205-179-189.ap-south-1.compute.amazonaws.com",
            "public_ip": "13.205.179.189",
            "public_ipv4_pool": "amazon",
            "tags": {
              "Name": "terra-eip"
            },
            "tags_all": {
              "Name": "terra-eip"
            },
            "timeouts": null,
            "vpc": true
          },
          "sensitive_attributes": [],
          "identity_schema_version": 0,
          "private": "eyJlMmJmYjczMC1lY2FhLTExZTYtOGY4OC0zNDM2M2JjN2M0YzAiOnsiZGVsZXRlIjoxODAwMDAwMDAwMDAsInJlYWQiOjkwMDAwMDAwMDAwMCwidXBkYXRlIjozMDAwMDAwMDAwMDB9fQ=="
        }
      ]
    },
    {
      "module": "module.vpc",
      "mode": "managed",
      "type": "aws_internet_gateway",
      "name": "igw",
      "provider": "provider[\"registry.terraform.io/hashicorp/aws\"]",
      "instances": [
        {
          "schema_version": 0,
          "attributes": {
            "arn": "arn:aws:ec2:ap-south-1:566579489861:internet-gateway/igw-085ebd3c2fa4f6fe3",
            "id": "igw-085ebd3c2fa4f6fe3",
            "owner_id": "566579489861",
            "tags": {
              "Name": "terra_igw"
            },
            "tags_all": {
              "Name": "terra_igw"
            },
            "timeouts": null,
            "vpc_id": "vpc-0a2f7c54e49b3ba15"
          },
          "sensitive_attributes": [],
          "identity_schema_version": 0,
          "private": "eyJlMmJmYjczMC1lY2FhLTExZTYtOGY4OC0zNDM2M2JjN2M0YzAiOnsiY3JlYXRlIjoxMjAwMDAwMDAwMDAwLCJkZWxldGUiOjEyMDAwMDAwMDAwMDAsInVwZGF0ZSI6MTIwMDAwMDAwMDAwMH19",
          "dependencies": [
            "module.vpc.aws_vpc.terra_vpc"
          ]
        }
      ]
    },
    {
      "module": "module.vpc",
      "mode": "managed",
      "type": "aws_nat_gateway",
      "name": "main",
      "provider": "provider[\"registry.terraform.io/hashicorp/aws\"]",
      "instances": [
        {
          "schema_version": 0,
          "attributes": {
            "allocation_id": "eipalloc-0054ea83ba4ea5a00",
            "association_id": "eipassoc-0d47b072edb6332a5",
            "connectivity_type": "public",
            "id": "nat-00ff0f3062fb165e6",
            "network_interface_id": "eni-0ea7b0084b704b372",
            "private_ip": "10.0.1.123",
            "public_ip": "13.205.179.189",
            "secondary_allocation_ids": [],
            "secondary_private_ip_address_count": 0,
            "secondary_private_ip_addresses": [],
            "subnet_id": "subnet-0aa896267977881d5",
            "tags": {
              "Name": "terra-ngw"
            },
            "tags_all": {
              "Name": "terra-ngw"
            },
            "timeouts": null
          },
          "sensitive_attributes": [],
          "identity_schema_version": 0,
          "private": "eyJlMmJmYjczMC1lY2FhLTExZTYtOGY4OC0zNDM2M2JjN2M0YzAiOnsiY3JlYXRlIjo2MDAwMDAwMDAwMDAsImRlbGV0ZSI6MTgwMDAwMDAwMDAwMCwidXBkYXRlIjo2MDAwMDAwMDAwMDB9fQ==",
          "dependencies": [
            "module.vpc.aws_eip.eip",
            "module.vpc.aws_subnet.public_subnet",
            "module.vpc.aws_vpc.terra_vpc",
            "module.vpc.data.aws_availability_zones.available"
          ]
        }
      ]
    },
    {
      "module": "module.vpc",
      "mode": "managed",
      "type": "aws_route_table",
      "name": "private_rt",
      "provider": "provider[\"registry.terraform.io/hashicorp/aws\"]",
      "instances": [
        {
          "schema_version": 0,
          "attributes": {
            "arn": "arn:aws:ec2:ap-south-1:566579489861:route-table/rtb-04dbea0523b9f16be",
            "id": "rtb-04dbea0523b9f16be",
            "owner_id": "566579489861",
            "propagating_vgws": [],
            "route": [
              {
                "carrier_gateway_id": "",
                "cidr_block": "0.0.0.0/0",
                "core_network_arn": "",
                "destination_prefix_list_id": "",
                "egress_only_gateway_id": "",
                "gateway_id": "",
                "ipv6_cidr_block": "",
                "local_gateway_id": "",
                "nat_gateway_id": "nat-00ff0f3062fb165e6",
                "network_interface_id": "",
                "transit_gateway_id": "",
                "vpc_endpoint_id": "",
                "vpc_peering_connection_id": ""
              }
            ],
            "tags": {
              "Name": "private-rt"
            },
            "tags_all": {
              "Name": "private-rt"
            },
            "timeouts": null,
            "vpc_id": "vpc-0a2f7c54e49b3ba15"
          },
          "sensitive_attributes": [],
          "identity_schema_version": 0,
          "private": "eyJlMmJmYjczMC1lY2FhLTExZTYtOGY4OC0zNDM2M2JjN2M0YzAiOnsiY3JlYXRlIjozMDAwMDAwMDAwMDAsImRlbGV0ZSI6MzAwMDAwMDAwMDAwLCJ1cGRhdGUiOjEyMDAwMDAwMDAwMH19",
          "dependencies": [
            "module.vpc.aws_eip.eip",
            "module.vpc.aws_nat_gateway.main",
            "module.vpc.aws_subnet.public_subnet",
            "module.vpc.aws_vpc.terra_vpc",
            "module.vpc.data.aws_availability_zones.available"
          ]
        }
      ]
    },
    {
      "module": "module.vpc",
      "mode": "managed",
      "type": "aws_route_table",
      "name": "public_rt",
      "provider": "provider[\"registry.terraform.io/hashicorp/aws\"]",
      "instances": [
        {
          "schema_version": 0,
          "attributes": {
            "arn": "arn:aws:ec2:ap-south-1:566579489861:route-table/rtb-020986602fba2be3f",
            "id": "rtb-020986602fba2be3f",
            "owner_id": "566579489861",
            "propagating_vgws": [],
            "route": [
              {
                "carrier_gateway_id": "",
                "cidr_block": "0.0.0.0/0",
                "core_network_arn": "",
                "destination_prefix_list_id": "",
                "egress_only_gateway_id": "",
                "gateway_id": "igw-085ebd3c2fa4f6fe3",
                "ipv6_cidr_block": "",
                "local_gateway_id": "",
                "nat_gateway_id": "",
                "network_interface_id": "",
                "transit_gateway_id": "",
                "vpc_endpoint_id": "",
                "vpc_peering_connection_id": ""
              }
            ],
            "tags": {
              "Name": "public-rt"
            },
            "tags_all": {
              "Name": "public-rt"
            },
            "timeouts": null,
            "vpc_id": "vpc-0a2f7c54e49b3ba15"
          },
          "sensitive_attributes": [],
          "identity_schema_version": 0,
          "private": "eyJlMmJmYjczMC1lY2FhLTExZTYtOGY4OC0zNDM2M2JjN2M0YzAiOnsiY3JlYXRlIjozMDAwMDAwMDAwMDAsImRlbGV0ZSI6MzAwMDAwMDAwMDAwLCJ1cGRhdGUiOjEyMDAwMDAwMDAwMH19",
          "dependencies": [
            "module.vpc.aws_internet_gateway.igw",
            "module.vpc.aws_vpc.terra_vpc"
          ]
        }
      ]
    },
    {
      "module": "module.vpc",
      "mode": "managed",
      "type": "aws_route_table_association",
      "name": "private_assoc",
      "provider": "provider[\"registry.terraform.io/hashicorp/aws\"]",
      "instances": [
        {
          "index_key": 0,
          "schema_version": 0,
          "attributes": {
            "gateway_id": "",
            "id": "rtbassoc-0bbb5bbd313cddcb1",
            "route_table_id": "rtb-04dbea0523b9f16be",
            "subnet_id": "subnet-058a9568cbffd97b7",
            "timeouts": null
          },
          "sensitive_attributes": [],
          "identity_schema_version": 0,
          "private": "eyJlMmJmYjczMC1lY2FhLTExZTYtOGY4OC0zNDM2M2JjN2M0YzAiOnsiY3JlYXRlIjozMDAwMDAwMDAwMDAsImRlbGV0ZSI6MzAwMDAwMDAwMDAwLCJ1cGRhdGUiOjEyMDAwMDAwMDAwMH19",
          "dependencies": [
            "module.vpc.aws_eip.eip",
            "module.vpc.aws_nat_gateway.main",
            "module.vpc.aws_route_table.private_rt",
            "module.vpc.aws_subnet.private_subnet",
            "module.vpc.aws_subnet.public_subnet",
            "module.vpc.aws_vpc.terra_vpc",
            "module.vpc.data.aws_availability_zones.available"
          ]
        }
      ]
    },
    {
      "module": "module.vpc",
      "mode": "managed",
      "type": "aws_route_table_association",
      "name": "public_assoc",
      "provider": "provider[\"registry.terraform.io/hashicorp/aws\"]",
      "instances": [
        {
          "index_key": 0,
          "schema_version": 0,
          "attributes": {
            "gateway_id": "",
            "id": "rtbassoc-03a75ae13e8cab3f8",
            "route_table_id": "rtb-020986602fba2be3f",
            "subnet_id": "subnet-0aa896267977881d5",
            "timeouts": null
          },
          "sensitive_attributes": [],
          "identity_schema_version": 0,
          "private": "eyJlMmJmYjczMC1lY2FhLTExZTYtOGY4OC0zNDM2M2JjN2M0YzAiOnsiY3JlYXRlIjozMDAwMDAwMDAwMDAsImRlbGV0ZSI6MzAwMDAwMDAwMDAwLCJ1cGRhdGUiOjEyMDAwMDAwMDAwMH19",
          "dependencies": [
            "module.vpc.aws_internet_gateway.igw",
            "module.vpc.aws_route_table.public_rt",
            "module.vpc.aws_subnet.public_subnet",
            "module.vpc.aws_vpc.terra_vpc",
            "module.vpc.data.aws_availability_zones.available"
          ]
        },
        {
          "index_key": 1,
          "schema_version": 0,
          "attributes": {
            "gateway_id": "",
            "id": "rtbassoc-0e7af3770ffd979f6",
            "route_table_id": "rtb-020986602fba2be3f",
            "subnet_id": "subnet-0bc8d006a55b27c1f",
            "timeouts": null
          },
          "sensitive_attributes": [],
          "identity_schema_version": 0,
          "private": "eyJlMmJmYjczMC1lY2FhLTExZTYtOGY4OC0zNDM2M2JjN2M0YzAiOnsiY3JlYXRlIjozMDAwMDAwMDAwMDAsImRlbGV0ZSI6MzAwMDAwMDAwMDAwLCJ1cGRhdGUiOjEyMDAwMDAwMDAwMH19",
          "dependencies": [
            "module.vpc.aws_internet_gateway.igw",
            "module.vpc.aws_route_table.public_rt",
            "module.vpc.aws_subnet.public_subnet",
            "module.vpc.aws_vpc.terra_vpc",
            "module.vpc.data.aws_availability_zones.available"
          ]
        }
      ]
    },
    {
      "module": "module.vpc",
      "mode": "managed",
      "type": "aws_subnet",
      "name": "private_subnet",
      "provider": "provider[\"registry.terraform.io/hashicorp/aws\"]",
      "instances": [
        {
          "index_key": 0,
          "schema_version": 1,
          "attributes": {
            "arn": "arn:aws:ec2:ap-south-1:566579489861:subnet/subnet-058a9568cbffd97b7",
            "assign_ipv6_address_on_creation": false,
            "availability_zone": "ap-south-1a",
            "availability_zone_id": "aps1-az1",
            "cidr_block": "10.0.100.0/24",
            "customer_owned_ipv4_pool": "",
            "enable_dns64": false,
            "enable_lni_at_device_index": 0,
            "enable_resource_name_dns_a_record_on_launch": false,
            "enable_resource_name_dns_aaaa_record_on_launch": false,
            "id": "subnet-058a9568cbffd97b7",
            "ipv6_cidr_block": "",
            "ipv6_cidr_block_association_id": "",
            "ipv6_native": false,
            "map_customer_owned_ip_on_launch": false,
            "map_public_ip_on_launch": false,
            "outpost_arn": "",
            "owner_id": "566579489861",
            "private_dns_hostname_type_on_launch": "ip-name",
            "tags": {
              "Name": "Terra-Private-Subnet-1",
              "Type": "Private"
            },
            "tags_all": {
              "Name": "Terra-Private-Subnet-1",
              "Type": "Private"
            },
            "timeouts": null,
            "vpc_id": "vpc-0a2f7c54e49b3ba15"
          },
          "sensitive_attributes": [],
          "identity_schema_version": 0,
          "private": "eyJlMmJmYjczMC1lY2FhLTExZTYtOGY4OC0zNDM2M2JjN2M0YzAiOnsiY3JlYXRlIjo2MDAwMDAwMDAwMDAsImRlbGV0ZSI6MTIwMDAwMDAwMDAwMH0sInNjaGVtYV92ZXJzaW9uIjoiMSJ9",
          "dependencies": [
            "module.vpc.aws_vpc.terra_vpc",
            "module.vpc.data.aws_availability_zones.available"
          ],
          "create_before_destroy": true
        }
      ]
    },
    {
      "module": "module.vpc",
      "mode": "managed",
      "type": "aws_subnet",
      "name": "public_subnet",
      "provider": "provider[\"registry.terraform.io/hashicorp/aws\"]",
      "instances": [
        {
          "index_key": 0,
          "schema_version": 1,
          "attributes": {
            "arn": "arn:aws:ec2:ap-south-1:566579489861:subnet/subnet-0aa896267977881d5",
            "assign_ipv6_address_on_creation": false,
            "availability_zone": "ap-south-1a",
            "availability_zone_id": "aps1-az1",
            "cidr_block": "10.0.1.0/24",
            "customer_owned_ipv4_pool": "",
            "enable_dns64": false,
            "enable_lni_at_device_index": 0,
            "enable_resource_name_dns_a_record_on_launch": false,
            "enable_resource_name_dns_aaaa_record_on_launch": false,
            "id": "subnet-0aa896267977881d5",
            "ipv6_cidr_block": "",
            "ipv6_cidr_block_association_id": "",
            "ipv6_native": false,
            "map_customer_owned_ip_on_launch": false,
            "map_public_ip_on_launch": true,
            "outpost_arn": "",
            "owner_id": "566579489861",
            "private_dns_hostname_type_on_launch": "ip-name",
            "tags": {
              "Name": "Terra-Public-Subnet-1",
              "Type": "Public"
            },
            "tags_all": {
              "Name": "Terra-Public-Subnet-1",
              "Type": "Public"
            },
            "timeouts": null,
            "vpc_id": "vpc-0a2f7c54e49b3ba15"
          },
          "sensitive_attributes": [],
          "identity_schema_version": 0,
          "private": "eyJlMmJmYjczMC1lY2FhLTExZTYtOGY4OC0zNDM2M2JjN2M0YzAiOnsiY3JlYXRlIjo2MDAwMDAwMDAwMDAsImRlbGV0ZSI6MTIwMDAwMDAwMDAwMH0sInNjaGVtYV92ZXJzaW9uIjoiMSJ9",
          "dependencies": [
            "module.vpc.aws_vpc.terra_vpc",
            "module.vpc.data.aws_availability_zones.available"
          ]
        },
        {
          "index_key": 1,
          "schema_version": 1,
          "attributes": {
            "arn": "arn:aws:ec2:ap-south-1:566579489861:subnet/subnet-0bc8d006a55b27c1f",
            "assign_ipv6_address_on_creation": false,
            "availability_zone": "ap-south-1b",
            "availability_zone_id": "aps1-az3",
            "cidr_block": "10.0.2.0/24",
            "customer_owned_ipv4_pool": "",
            "enable_dns64": false,
            "enable_lni_at_device_index": 0,
            "enable_resource_name_dns_a_record_on_launch": false,
            "enable_resource_name_dns_aaaa_record_on_launch": false,
            "id": "subnet-0bc8d006a55b27c1f",
            "ipv6_cidr_block": "",
            "ipv6_cidr_block_association_id": "",
            "ipv6_native": false,
            "map_customer_owned_ip_on_launch": false,
            "map_public_ip_on_launch": true,
            "outpost_arn": "",
            "owner_id": "566579489861",
            "private_dns_hostname_type_on_launch": "ip-name",
            "tags": {
              "Name": "Terra-Public-Subnet-2",
              "Type": "Public"
            },
            "tags_all": {
              "Name": "Terra-Public-Subnet-2",
              "Type": "Public"
            },
            "timeouts": null,
            "vpc_id": "vpc-0a2f7c54e49b3ba15"
          },
          "sensitive_attributes": [],
          "identity_schema_version": 0,
          "private": "eyJlMmJmYjczMC1lY2FhLTExZTYtOGY4OC0zNDM2M2JjN2M0YzAiOnsiY3JlYXRlIjo2MDAwMDAwMDAwMDAsImRlbGV0ZSI6MTIwMDAwMDAwMDAwMH0sInNjaGVtYV92ZXJzaW9uIjoiMSJ9",
          "dependencies": [
            "module.vpc.aws_vpc.terra_vpc",
            "module.vpc.data.aws_availability_zones.available"
          ]
        }
      ]
    },
    {
      "module": "module.vpc",
      "mode": "managed",
      "type": "aws_vpc",
      "name": "terra_vpc",
      "provider": "provider[\"registry.terraform.io/hashicorp/aws\"]",
      "instances": [
        {
          "schema_version": 1,
          "attributes": {
            "arn": "arn:aws:ec2:ap-south-1:566579489861:vpc/vpc-0a2f7c54e49b3ba15",
            "assign_generated_ipv6_cidr_block": false,
            "cidr_block": "10.0.0.0/16",
            "default_network_acl_id": "acl-077d8c0788718d320",
            "default_route_table_id": "rtb-0bde358cbfa292a66",
            "default_security_group_id": "sg-023275a885f4b990a",
            "dhcp_options_id": "dopt-02e260775d545bdf3",
            "enable_dns_hostnames": false,
            "enable_dns_support": true,
            "enable_network_address_usage_metrics": false,
            "id": "vpc-0a2f7c54e49b3ba15",
            "instance_tenancy": "default",
            "ipv4_ipam_pool_id": null,
            "ipv4_netmask_length": null,
            "ipv6_association_id": "",
            "ipv6_cidr_block": "",
            "ipv6_cidr_block_network_border_group": "",
            "ipv6_ipam_pool_id": "",
            "ipv6_netmask_length": 0,
            "main_route_table_id": "rtb-0bde358cbfa292a66",
            "owner_id": "566579489861",
            "tags": {
              "Name": "terra_vpc"
            },
            "tags_all": {
              "Name": "terra_vpc"
            }
          },
          "sensitive_attributes": [],
          "identity_schema_version": 0,
          "private": "eyJzY2hlbWFfdmVyc2lvbiI6IjEifQ==",
          "create_before_destroy": true
        }
      ]
    }
  ],
  "check_results": null
}
